// !$*UTF8*$!
{
	archiveVersion = 1;
	classes = {
	};
	objectVersion = 56;
	objects = {

/* Begin PBXBuildFile section */
		B30338E72A30D06300CEDD47 /* App.swift in Sources */ = {isa = PBXBuildFile; fileRef = B30338E62A30D06300CEDD47 /* App.swift */; };
		B30338E92A30D06300CEDD47 /* ContentView.swift in Sources */ = {isa = PBXBuildFile; fileRef = B30338E82A30D06300CEDD47 /* ContentView.swift */; };
		B30338EB2A30D06300CEDD47 /* Assets.xcassets in Resources */ = {isa = PBXBuildFile; fileRef = B30338EA2A30D06300CEDD47 /* Assets.xcassets */; };
		B30338EE2A30D06300CEDD47 /* Preview Assets.xcassets in Resources */ = {isa = PBXBuildFile; fileRef = B30338ED2A30D06300CEDD47 /* Preview Assets.xcassets */; };
		B30338F02A30D06300CEDD47 /* Data.swift in Sources */ = {isa = PBXBuildFile; fileRef = B30338EF2A30D06300CEDD47 /* Data.swift */; };
		B30338FC2A30D06300CEDD47 /* WidgetSoundboardTests.swift in Sources */ = {isa = PBXBuildFile; fileRef = B30338FB2A30D06300CEDD47 /* WidgetSoundboardTests.swift */; };
		B30339062A30D06400CEDD47 /* WidgetSoundboardUITests.swift in Sources */ = {isa = PBXBuildFile; fileRef = B30339052A30D06400CEDD47 /* WidgetSoundboardUITests.swift */; };
		B30339082A30D06400CEDD47 /* WidgetSoundboardUITestsLaunchTests.swift in Sources */ = {isa = PBXBuildFile; fileRef = B30339072A30D06400CEDD47 /* WidgetSoundboardUITestsLaunchTests.swift */; };
		B30339152A30D08100CEDD47 /* Intent.swift in Sources */ = {isa = PBXBuildFile; fileRef = B30339142A30D08100CEDD47 /* Intent.swift */; };
		B303393B2A30D34D00CEDD47 /* WidgetKit.framework in Frameworks */ = {isa = PBXBuildFile; fileRef = B303391E2A30D25300CEDD47 /* WidgetKit.framework */; };
		B303393C2A30D34D00CEDD47 /* SwiftUI.framework in Frameworks */ = {isa = PBXBuildFile; fileRef = B30339202A30D25300CEDD47 /* SwiftUI.framework */; };
		B303393F2A30D34D00CEDD47 /* SoundWidgetBundle.swift in Sources */ = {isa = PBXBuildFile; fileRef = B303393E2A30D34D00CEDD47 /* SoundWidgetBundle.swift */; };
		B30339412A30D34D00CEDD47 /* SoundWidgetLiveActivity.swift in Sources */ = {isa = PBXBuildFile; fileRef = B30339402A30D34D00CEDD47 /* SoundWidgetLiveActivity.swift */; };
		B30339432A30D34D00CEDD47 /* SoundWidget.swift in Sources */ = {isa = PBXBuildFile; fileRef = B30339422A30D34D00CEDD47 /* SoundWidget.swift */; };
		B30339452A30D34D00CEDD47 /* AppIntent.swift in Sources */ = {isa = PBXBuildFile; fileRef = B30339442A30D34D00CEDD47 /* AppIntent.swift */; };
		B30339472A30D34D00CEDD47 /* Assets.xcassets in Resources */ = {isa = PBXBuildFile; fileRef = B30339462A30D34D00CEDD47 /* Assets.xcassets */; };
		B303394B2A30D34D00CEDD47 /* SoundWidgetExtension.appex in Embed Foundation Extensions */ = {isa = PBXBuildFile; fileRef = B303393A2A30D34D00CEDD47 /* SoundWidgetExtension.appex */; settings = {ATTRIBUTES = (RemoveHeadersOnCopy, ); }; };
		B303394F2A30D39C00CEDD47 /* Intent.swift in Sources */ = {isa = PBXBuildFile; fileRef = B30339142A30D08100CEDD47 /* Intent.swift */; };
		B30339552A32AB3800CEDD47 /* seagulls.caf in Resources */ = {isa = PBXBuildFile; fileRef = B30339532A32AB3800CEDD47 /* seagulls.caf */; };
		B30339572A32AB3800CEDD47 /* frog.caf in Resources */ = {isa = PBXBuildFile; fileRef = B30339542A32AB3800CEDD47 /* frog.caf */; };
		B30FD83D2A6E5A1800990160 /* ColorRow.swift in Sources */ = {isa = PBXBuildFile; fileRef = B30FD83C2A6E5A1800990160 /* ColorRow.swift */; };
		B30FD8402A6E628100990160 /* MCEmojiPicker in Frameworks */ = {isa = PBXBuildFile; productRef = B30FD83F2A6E628100990160 /* MCEmojiPicker */; };
		B30FD8422A6E637B00990160 /* RecordingButton.swift in Sources */ = {isa = PBXBuildFile; fileRef = B30FD8412A6E637B00990160 /* RecordingButton.swift */; };
		B30FD8442A6E7DEB00990160 /* WaveformView.swift in Sources */ = {isa = PBXBuildFile; fileRef = B30FD8432A6E7DEB00990160 /* WaveformView.swift */; };
		B30FD8462A6E8A1800990160 /* WaveformAnalyzer.swift in Sources */ = {isa = PBXBuildFile; fileRef = B30FD8452A6E8A1800990160 /* WaveformAnalyzer.swift */; };
		B30FD8482A6E8AB100990160 /* TempiFFT.swift in Sources */ = {isa = PBXBuildFile; fileRef = B30FD8472A6E8AB100990160 /* TempiFFT.swift */; };
		B321932B2A3D86450050B011 /* wait.m4a in Resources */ = {isa = PBXBuildFile; fileRef = B321932A2A3D86450050B011 /* wait.m4a */; };
		B321932C2A3D86450050B011 /* wait.m4a in Resources */ = {isa = PBXBuildFile; fileRef = B321932A2A3D86450050B011 /* wait.m4a */; };
		B32193302A3FAD0C0050B011 /* EditorView.swift in Sources */ = {isa = PBXBuildFile; fileRef = B321932F2A3FAD0C0050B011 /* EditorView.swift */; };
		B32BF3442A38E7D3005BFA59 /* Alignment.swift in Sources */ = {isa = PBXBuildFile; fileRef = B32BF3432A38E7D3005BFA59 /* Alignment.swift */; };
		B32BF3452A38E7D3005BFA59 /* Alignment.swift in Sources */ = {isa = PBXBuildFile; fileRef = B32BF3432A38E7D3005BFA59 /* Alignment.swift */; };
		B32BF3462A38F3F1005BFA59 /* Data.swift in Sources */ = {isa = PBXBuildFile; fileRef = B30338EF2A30D06300CEDD47 /* Data.swift */; };
		B32BF35A2A393596005BFA59 /* Defaults in Frameworks */ = {isa = PBXBuildFile; productRef = B32BF3592A393596005BFA59 /* Defaults */; };
		B32BF35C2A3935BA005BFA59 /* Defaults in Frameworks */ = {isa = PBXBuildFile; productRef = B32BF35B2A3935BA005BFA59 /* Defaults */; };
		B32BF35E2A39891F005BFA59 /* AsyncButton.swift in Sources */ = {isa = PBXBuildFile; fileRef = B32BF35D2A39891E005BFA59 /* AsyncButton.swift */; };
		B32BF35F2A39891F005BFA59 /* AsyncButton.swift in Sources */ = {isa = PBXBuildFile; fileRef = B32BF35D2A39891E005BFA59 /* AsyncButton.swift */; };
		B34040272A398F1800A1D23E /* Color.swift in Sources */ = {isa = PBXBuildFile; fileRef = B34040262A398F1800A1D23E /* Color.swift */; };
		B34040282A398F1800A1D23E /* Color.swift in Sources */ = {isa = PBXBuildFile; fileRef = B34040262A398F1800A1D23E /* Color.swift */; };
		B340402A2A3A1FEC00A1D23E /* horse.m4a in Resources */ = {isa = PBXBuildFile; fileRef = B34040292A3A1FEC00A1D23E /* horse.m4a */; };
		B340402D2A3A5D7500A1D23E /* frog.caf in Resources */ = {isa = PBXBuildFile; fileRef = B30339542A32AB3800CEDD47 /* frog.caf */; };
		B340402E2A3A5D7500A1D23E /* seagulls.caf in Resources */ = {isa = PBXBuildFile; fileRef = B30339532A32AB3800CEDD47 /* seagulls.caf */; };
		B340402F2A3A5D7500A1D23E /* horse.m4a in Resources */ = {isa = PBXBuildFile; fileRef = B34040292A3A1FEC00A1D23E /* horse.m4a */; };
		B3DD59DB2A6B046400314F4E /* SwiftUIReorderableForEach in Frameworks */ = {isa = PBXBuildFile; productRef = B3DD59DA2A6B046400314F4E /* SwiftUIReorderableForEach */; };
		B3DD59DD2A6B070500314F4E /* AudioRecorder.swift in Sources */ = {isa = PBXBuildFile; fileRef = B3DD59DC2A6B070500314F4E /* AudioRecorder.swift */; };
/* End PBXBuildFile section */

/* Begin PBXContainerItemProxy section */
		B30338F82A30D06300CEDD47 /* PBXContainerItemProxy */ = {
			isa = PBXContainerItemProxy;
			containerPortal = B30338DB2A30D06300CEDD47 /* Project object */;
			proxyType = 1;
			remoteGlobalIDString = B30338E22A30D06300CEDD47;
			remoteInfo = WidgetSoundboard;
		};
		B30339022A30D06400CEDD47 /* PBXContainerItemProxy */ = {
			isa = PBXContainerItemProxy;
			containerPortal = B30338DB2A30D06300CEDD47 /* Project object */;
			proxyType = 1;
			remoteGlobalIDString = B30338E22A30D06300CEDD47;
			remoteInfo = WidgetSoundboard;
		};
		B30339492A30D34D00CEDD47 /* PBXContainerItemProxy */ = {
			isa = PBXContainerItemProxy;
			containerPortal = B30338DB2A30D06300CEDD47 /* Project object */;
			proxyType = 1;
			remoteGlobalIDString = B30339392A30D34D00CEDD47;
			remoteInfo = SoundWidgetExtension;
		};
/* End PBXContainerItemProxy section */

/* Begin PBXCopyFilesBuildPhase section */
		B30339342A30D25500CEDD47 /* Embed Foundation Extensions */ = {
			isa = PBXCopyFilesBuildPhase;
			buildActionMask = 2147483647;
			dstPath = "";
			dstSubfolderSpec = 13;
			files = (
				B303394B2A30D34D00CEDD47 /* SoundWidgetExtension.appex in Embed Foundation Extensions */,
			);
			name = "Embed Foundation Extensions";
			runOnlyForDeploymentPostprocessing = 0;
		};
		B303396F2A34248E00CEDD47 /* Embed ExtensionKit Extensions */ = {
			isa = PBXCopyFilesBuildPhase;
			buildActionMask = 2147483647;
			dstPath = "$(EXTENSIONS_FOLDER_PATH)";
			dstSubfolderSpec = 16;
			files = (
			);
			name = "Embed ExtensionKit Extensions";
			runOnlyForDeploymentPostprocessing = 0;
		};
/* End PBXCopyFilesBuildPhase section */

/* Begin PBXFileReference section */
		B30338E32A30D06300CEDD47 /* WidgetSoundboard.app */ = {isa = PBXFileReference; explicitFileType = wrapper.application; includeInIndex = 0; path = WidgetSoundboard.app; sourceTree = BUILT_PRODUCTS_DIR; };
		B30338E62A30D06300CEDD47 /* App.swift */ = {isa = PBXFileReference; lastKnownFileType = sourcecode.swift; path = App.swift; sourceTree = "<group>"; };
		B30338E82A30D06300CEDD47 /* ContentView.swift */ = {isa = PBXFileReference; lastKnownFileType = sourcecode.swift; path = ContentView.swift; sourceTree = "<group>"; };
		B30338EA2A30D06300CEDD47 /* Assets.xcassets */ = {isa = PBXFileReference; lastKnownFileType = folder.assetcatalog; path = Assets.xcassets; sourceTree = "<group>"; };
		B30338ED2A30D06300CEDD47 /* Preview Assets.xcassets */ = {isa = PBXFileReference; lastKnownFileType = folder.assetcatalog; path = "Preview Assets.xcassets"; sourceTree = "<group>"; };
		B30338EF2A30D06300CEDD47 /* Data.swift */ = {isa = PBXFileReference; lastKnownFileType = sourcecode.swift; path = Data.swift; sourceTree = "<group>"; };
		B30338F12A30D06300CEDD47 /* WidgetSoundboard.entitlements */ = {isa = PBXFileReference; lastKnownFileType = text.plist.entitlements; path = WidgetSoundboard.entitlements; sourceTree = "<group>"; };
		B30338F22A30D06300CEDD47 /* Info.plist */ = {isa = PBXFileReference; lastKnownFileType = text.plist.xml; path = Info.plist; sourceTree = "<group>"; };
		B30338F72A30D06300CEDD47 /* WidgetSoundboardTests.xctest */ = {isa = PBXFileReference; explicitFileType = wrapper.cfbundle; includeInIndex = 0; path = WidgetSoundboardTests.xctest; sourceTree = BUILT_PRODUCTS_DIR; };
		B30338FB2A30D06300CEDD47 /* WidgetSoundboardTests.swift */ = {isa = PBXFileReference; lastKnownFileType = sourcecode.swift; path = WidgetSoundboardTests.swift; sourceTree = "<group>"; };
		B30339012A30D06400CEDD47 /* WidgetSoundboardUITests.xctest */ = {isa = PBXFileReference; explicitFileType = wrapper.cfbundle; includeInIndex = 0; path = WidgetSoundboardUITests.xctest; sourceTree = BUILT_PRODUCTS_DIR; };
		B30339052A30D06400CEDD47 /* WidgetSoundboardUITests.swift */ = {isa = PBXFileReference; lastKnownFileType = sourcecode.swift; path = WidgetSoundboardUITests.swift; sourceTree = "<group>"; };
		B30339072A30D06400CEDD47 /* WidgetSoundboardUITestsLaunchTests.swift */ = {isa = PBXFileReference; lastKnownFileType = sourcecode.swift; path = WidgetSoundboardUITestsLaunchTests.swift; sourceTree = "<group>"; };
		B30339142A30D08100CEDD47 /* Intent.swift */ = {isa = PBXFileReference; lastKnownFileType = sourcecode.swift; path = Intent.swift; sourceTree = "<group>"; };
		B303391E2A30D25300CEDD47 /* WidgetKit.framework */ = {isa = PBXFileReference; lastKnownFileType = wrapper.framework; name = WidgetKit.framework; path = System/Library/Frameworks/WidgetKit.framework; sourceTree = SDKROOT; };
		B30339202A30D25300CEDD47 /* SwiftUI.framework */ = {isa = PBXFileReference; lastKnownFileType = wrapper.framework; name = SwiftUI.framework; path = System/Library/Frameworks/SwiftUI.framework; sourceTree = SDKROOT; };
		B303393A2A30D34D00CEDD47 /* SoundWidgetExtension.appex */ = {isa = PBXFileReference; explicitFileType = "wrapper.app-extension"; includeInIndex = 0; path = SoundWidgetExtension.appex; sourceTree = BUILT_PRODUCTS_DIR; };
		B303393E2A30D34D00CEDD47 /* SoundWidgetBundle.swift */ = {isa = PBXFileReference; lastKnownFileType = sourcecode.swift; path = SoundWidgetBundle.swift; sourceTree = "<group>"; };
		B30339402A30D34D00CEDD47 /* SoundWidgetLiveActivity.swift */ = {isa = PBXFileReference; lastKnownFileType = sourcecode.swift; path = SoundWidgetLiveActivity.swift; sourceTree = "<group>"; };
		B30339422A30D34D00CEDD47 /* SoundWidget.swift */ = {isa = PBXFileReference; lastKnownFileType = sourcecode.swift; path = SoundWidget.swift; sourceTree = "<group>"; };
		B30339442A30D34D00CEDD47 /* AppIntent.swift */ = {isa = PBXFileReference; lastKnownFileType = sourcecode.swift; path = AppIntent.swift; sourceTree = "<group>"; };
		B30339462A30D34D00CEDD47 /* Assets.xcassets */ = {isa = PBXFileReference; lastKnownFileType = folder.assetcatalog; path = Assets.xcassets; sourceTree = "<group>"; };
		B30339482A30D34D00CEDD47 /* Info.plist */ = {isa = PBXFileReference; lastKnownFileType = text.plist.xml; path = Info.plist; sourceTree = "<group>"; };
		B30339532A32AB3800CEDD47 /* seagulls.caf */ = {isa = PBXFileReference; lastKnownFileType = file; path = seagulls.caf; sourceTree = "<group>"; };
		B30339542A32AB3800CEDD47 /* frog.caf */ = {isa = PBXFileReference; lastKnownFileType = file; path = frog.caf; sourceTree = "<group>"; };
		B303395A2A32B43600CEDD47 /* SoundWidgetExtension.entitlements */ = {isa = PBXFileReference; lastKnownFileType = text.plist.entitlements; path = SoundWidgetExtension.entitlements; sourceTree = "<group>"; };
		B30FD83C2A6E5A1800990160 /* ColorRow.swift */ = {isa = PBXFileReference; lastKnownFileType = sourcecode.swift; path = ColorRow.swift; sourceTree = "<group>"; };
		B30FD8412A6E637B00990160 /* RecordingButton.swift */ = {isa = PBXFileReference; lastKnownFileType = sourcecode.swift; path = RecordingButton.swift; sourceTree = "<group>"; };
		B30FD8432A6E7DEB00990160 /* WaveformView.swift */ = {isa = PBXFileReference; lastKnownFileType = sourcecode.swift; path = WaveformView.swift; sourceTree = "<group>"; };
		B30FD8452A6E8A1800990160 /* WaveformAnalyzer.swift */ = {isa = PBXFileReference; fileEncoding = 4; lastKnownFileType = sourcecode.swift; path = WaveformAnalyzer.swift; sourceTree = "<group>"; };
		B30FD8472A6E8AB100990160 /* TempiFFT.swift */ = {isa = PBXFileReference; fileEncoding = 4; lastKnownFileType = sourcecode.swift; path = TempiFFT.swift; sourceTree = "<group>"; };
		B321932A2A3D86450050B011 /* wait.m4a */ = {isa = PBXFileReference; lastKnownFileType = file; path = wait.m4a; sourceTree = "<group>"; };
		B321932F2A3FAD0C0050B011 /* EditorView.swift */ = {isa = PBXFileReference; lastKnownFileType = sourcecode.swift; path = EditorView.swift; sourceTree = "<group>"; };
		B32BF3432A38E7D3005BFA59 /* Alignment.swift */ = {isa = PBXFileReference; fileEncoding = 4; lastKnownFileType = sourcecode.swift; path = Alignment.swift; sourceTree = "<group>"; };
		B32BF35D2A39891E005BFA59 /* AsyncButton.swift */ = {isa = PBXFileReference; fileEncoding = 4; lastKnownFileType = sourcecode.swift; path = AsyncButton.swift; sourceTree = "<group>"; };
		B34040262A398F1800A1D23E /* Color.swift */ = {isa = PBXFileReference; lastKnownFileType = sourcecode.swift; path = Color.swift; sourceTree = "<group>"; };
		B34040292A3A1FEC00A1D23E /* horse.m4a */ = {isa = PBXFileReference; lastKnownFileType = file; path = horse.m4a; sourceTree = "<group>"; };
		B3DD59DC2A6B070500314F4E /* AudioRecorder.swift */ = {isa = PBXFileReference; lastKnownFileType = sourcecode.swift; path = AudioRecorder.swift; sourceTree = "<group>"; };
/* End PBXFileReference section */

/* Begin PBXFrameworksBuildPhase section */
		B30338E02A30D06300CEDD47 /* Frameworks */ = {
			isa = PBXFrameworksBuildPhase;
			buildActionMask = 2147483647;
			files = (
				B32BF35A2A393596005BFA59 /* Defaults in Frameworks */,
				B3DD59DB2A6B046400314F4E /* SwiftUIReorderableForEach in Frameworks */,
				B30FD8402A6E628100990160 /* MCEmojiPicker in Frameworks */,
			);
			runOnlyForDeploymentPostprocessing = 0;
		};
		B30338F42A30D06300CEDD47 /* Frameworks */ = {
			isa = PBXFrameworksBuildPhase;
			buildActionMask = 2147483647;
			files = (
			);
			runOnlyForDeploymentPostprocessing = 0;
		};
		B30338FE2A30D06400CEDD47 /* Frameworks */ = {
			isa = PBXFrameworksBuildPhase;
			buildActionMask = 2147483647;
			files = (
			);
			runOnlyForDeploymentPostprocessing = 0;
		};
		B30339372A30D34D00CEDD47 /* Frameworks */ = {
			isa = PBXFrameworksBuildPhase;
			buildActionMask = 2147483647;
			files = (
				B32BF35C2A3935BA005BFA59 /* Defaults in Frameworks */,
				B303393C2A30D34D00CEDD47 /* SwiftUI.framework in Frameworks */,
				B303393B2A30D34D00CEDD47 /* WidgetKit.framework in Frameworks */,
			);
			runOnlyForDeploymentPostprocessing = 0;
		};
/* End PBXFrameworksBuildPhase section */

/* Begin PBXGroup section */
		B30338DA2A30D06300CEDD47 = {
			isa = PBXGroup;
			children = (
				B30338E52A30D06300CEDD47 /* WidgetSoundboard */,
				B303393D2A30D34D00CEDD47 /* SoundWidget */,
				B30338FA2A30D06300CEDD47 /* WidgetSoundboardTests */,
				B30339042A30D06400CEDD47 /* WidgetSoundboardUITests */,
				B303391D2A30D25300CEDD47 /* Frameworks */,
				B30338E42A30D06300CEDD47 /* Products */,
			);
			sourceTree = "<group>";
		};
		B30338E42A30D06300CEDD47 /* Products */ = {
			isa = PBXGroup;
			children = (
				B30338E32A30D06300CEDD47 /* WidgetSoundboard.app */,
				B30338F72A30D06300CEDD47 /* WidgetSoundboardTests.xctest */,
				B30339012A30D06400CEDD47 /* WidgetSoundboardUITests.xctest */,
				B303393A2A30D34D00CEDD47 /* SoundWidgetExtension.appex */,
			);
			name = Products;
			sourceTree = "<group>";
		};
		B30338E52A30D06300CEDD47 /* WidgetSoundboard */ = {
			isa = PBXGroup;
			children = (
				B30338E62A30D06300CEDD47 /* App.swift */,
				B30338E82A30D06300CEDD47 /* ContentView.swift */,
				B321932F2A3FAD0C0050B011 /* EditorView.swift */,
				B30FD8412A6E637B00990160 /* RecordingButton.swift */,
				B30FD83C2A6E5A1800990160 /* ColorRow.swift */,
				B30FD8432A6E7DEB00990160 /* WaveformView.swift */,
				B3DD59DC2A6B070500314F4E /* AudioRecorder.swift */,
				B30FD8452A6E8A1800990160 /* WaveformAnalyzer.swift */,
				B30FD8472A6E8AB100990160 /* TempiFFT.swift */,
				B30339142A30D08100CEDD47 /* Intent.swift */,
				B30338EF2A30D06300CEDD47 /* Data.swift */,
				B321932E2A3FACAD0050B011 /* Helpers */,
				B321932D2A3FAC880050B011 /* Sounds */,
				B30338EA2A30D06300CEDD47 /* Assets.xcassets */,
				B30338F12A30D06300CEDD47 /* WidgetSoundboard.entitlements */,
				B30338F22A30D06300CEDD47 /* Info.plist */,
				B30338EC2A30D06300CEDD47 /* Preview Content */,
			);
			path = WidgetSoundboard;
			sourceTree = "<group>";
		};
		B30338EC2A30D06300CEDD47 /* Preview Content */ = {
			isa = PBXGroup;
			children = (
				B30338ED2A30D06300CEDD47 /* Preview Assets.xcassets */,
			);
			path = "Preview Content";
			sourceTree = "<group>";
		};
		B30338FA2A30D06300CEDD47 /* WidgetSoundboardTests */ = {
			isa = PBXGroup;
			children = (
				B30338FB2A30D06300CEDD47 /* WidgetSoundboardTests.swift */,
			);
			path = WidgetSoundboardTests;
			sourceTree = "<group>";
		};
		B30339042A30D06400CEDD47 /* WidgetSoundboardUITests */ = {
			isa = PBXGroup;
			children = (
				B30339052A30D06400CEDD47 /* WidgetSoundboardUITests.swift */,
				B30339072A30D06400CEDD47 /* WidgetSoundboardUITestsLaunchTests.swift */,
			);
			path = WidgetSoundboardUITests;
			sourceTree = "<group>";
		};
		B303391D2A30D25300CEDD47 /* Frameworks */ = {
			isa = PBXGroup;
			children = (
				B303391E2A30D25300CEDD47 /* WidgetKit.framework */,
				B30339202A30D25300CEDD47 /* SwiftUI.framework */,
			);
			name = Frameworks;
			sourceTree = "<group>";
		};
		B303393D2A30D34D00CEDD47 /* SoundWidget */ = {
			isa = PBXGroup;
			children = (
				B303395A2A32B43600CEDD47 /* SoundWidgetExtension.entitlements */,
				B303393E2A30D34D00CEDD47 /* SoundWidgetBundle.swift */,
				B30339402A30D34D00CEDD47 /* SoundWidgetLiveActivity.swift */,
				B30339422A30D34D00CEDD47 /* SoundWidget.swift */,
				B30339442A30D34D00CEDD47 /* AppIntent.swift */,
				B30339462A30D34D00CEDD47 /* Assets.xcassets */,
				B30339482A30D34D00CEDD47 /* Info.plist */,
			);
			path = SoundWidget;
			sourceTree = "<group>";
		};
		B321932D2A3FAC880050B011 /* Sounds */ = {
			isa = PBXGroup;
			children = (
				B30339542A32AB3800CEDD47 /* frog.caf */,
				B30339532A32AB3800CEDD47 /* seagulls.caf */,
				B34040292A3A1FEC00A1D23E /* horse.m4a */,
				B321932A2A3D86450050B011 /* wait.m4a */,
			);
			path = Sounds;
			sourceTree = "<group>";
		};
		B321932E2A3FACAD0050B011 /* Helpers */ = {
			isa = PBXGroup;
			children = (
				B32BF3432A38E7D3005BFA59 /* Alignment.swift */,
				B32BF35D2A39891E005BFA59 /* AsyncButton.swift */,
				B34040262A398F1800A1D23E /* Color.swift */,
			);
			path = Helpers;
			sourceTree = "<group>";
		};
/* End PBXGroup section */

/* Begin PBXNativeTarget section */
		B30338E22A30D06300CEDD47 /* WidgetSoundboard */ = {
			isa = PBXNativeTarget;
			buildConfigurationList = B303390B2A30D06400CEDD47 /* Build configuration list for PBXNativeTarget "WidgetSoundboard" */;
			buildPhases = (
				B30338DF2A30D06300CEDD47 /* Sources */,
				B30338E02A30D06300CEDD47 /* Frameworks */,
				B30338E12A30D06300CEDD47 /* Resources */,
				B30339342A30D25500CEDD47 /* Embed Foundation Extensions */,
				B303396F2A34248E00CEDD47 /* Embed ExtensionKit Extensions */,
			);
			buildRules = (
			);
			dependencies = (
				B303394A2A30D34D00CEDD47 /* PBXTargetDependency */,
			);
			name = WidgetSoundboard;
			packageProductDependencies = (
				B32BF3592A393596005BFA59 /* Defaults */,
				B3DD59DA2A6B046400314F4E /* SwiftUIReorderableForEach */,
				B30FD83F2A6E628100990160 /* MCEmojiPicker */,
			);
			productName = WidgetSoundboard;
			productReference = B30338E32A30D06300CEDD47 /* WidgetSoundboard.app */;
			productType = "com.apple.product-type.application";
		};
		B30338F62A30D06300CEDD47 /* WidgetSoundboardTests */ = {
			isa = PBXNativeTarget;
			buildConfigurationList = B303390E2A30D06400CEDD47 /* Build configuration list for PBXNativeTarget "WidgetSoundboardTests" */;
			buildPhases = (
				B30338F32A30D06300CEDD47 /* Sources */,
				B30338F42A30D06300CEDD47 /* Frameworks */,
				B30338F52A30D06300CEDD47 /* Resources */,
			);
			buildRules = (
			);
			dependencies = (
				B30338F92A30D06300CEDD47 /* PBXTargetDependency */,
			);
			name = WidgetSoundboardTests;
			productName = WidgetSoundboardTests;
			productReference = B30338F72A30D06300CEDD47 /* WidgetSoundboardTests.xctest */;
			productType = "com.apple.product-type.bundle.unit-test";
		};
		B30339002A30D06400CEDD47 /* WidgetSoundboardUITests */ = {
			isa = PBXNativeTarget;
			buildConfigurationList = B30339112A30D06400CEDD47 /* Build configuration list for PBXNativeTarget "WidgetSoundboardUITests" */;
			buildPhases = (
				B30338FD2A30D06400CEDD47 /* Sources */,
				B30338FE2A30D06400CEDD47 /* Frameworks */,
				B30338FF2A30D06400CEDD47 /* Resources */,
			);
			buildRules = (
			);
			dependencies = (
				B30339032A30D06400CEDD47 /* PBXTargetDependency */,
			);
			name = WidgetSoundboardUITests;
			productName = WidgetSoundboardUITests;
			productReference = B30339012A30D06400CEDD47 /* WidgetSoundboardUITests.xctest */;
			productType = "com.apple.product-type.bundle.ui-testing";
		};
		B30339392A30D34D00CEDD47 /* SoundWidgetExtension */ = {
			isa = PBXNativeTarget;
			buildConfigurationList = B303394C2A30D34D00CEDD47 /* Build configuration list for PBXNativeTarget "SoundWidgetExtension" */;
			buildPhases = (
				B30339362A30D34D00CEDD47 /* Sources */,
				B30339372A30D34D00CEDD47 /* Frameworks */,
				B30339382A30D34D00CEDD47 /* Resources */,
			);
			buildRules = (
			);
			dependencies = (
			);
			name = SoundWidgetExtension;
			packageProductDependencies = (
				B32BF35B2A3935BA005BFA59 /* Defaults */,
			);
			productName = SoundWidgetExtension;
			productReference = B303393A2A30D34D00CEDD47 /* SoundWidgetExtension.appex */;
			productType = "com.apple.product-type.app-extension";
		};
/* End PBXNativeTarget section */

/* Begin PBXProject section */
		B30338DB2A30D06300CEDD47 /* Project object */ = {
			isa = PBXProject;
			attributes = {
				BuildIndependentTargetsInParallel = 1;
				LastSwiftUpdateCheck = 1500;
				LastUpgradeCheck = 1500;
				TargetAttributes = {
					B30338E22A30D06300CEDD47 = {
						CreatedOnToolsVersion = 15.0;
					};
					B30338F62A30D06300CEDD47 = {
						CreatedOnToolsVersion = 15.0;
						TestTargetID = B30338E22A30D06300CEDD47;
					};
					B30339002A30D06400CEDD47 = {
						CreatedOnToolsVersion = 15.0;
						TestTargetID = B30338E22A30D06300CEDD47;
					};
					B30339392A30D34D00CEDD47 = {
						CreatedOnToolsVersion = 15.0;
					};
				};
			};
			buildConfigurationList = B30338DE2A30D06300CEDD47 /* Build configuration list for PBXProject "WidgetSoundboard" */;
			compatibilityVersion = "Xcode 14.0";
			developmentRegion = en;
			hasScannedForEncodings = 0;
			knownRegions = (
				en,
				Base,
			);
			mainGroup = B30338DA2A30D06300CEDD47;
			packageReferences = (
				B32BF3582A393596005BFA59 /* XCRemoteSwiftPackageReference "Defaults" */,
				B3DD59D92A6B046400314F4E /* XCRemoteSwiftPackageReference "swiftui-reorderable-foreach" */,
				B30FD83E2A6E628100990160 /* XCRemoteSwiftPackageReference "MCEmojiPicker" */,
			);
			productRefGroup = B30338E42A30D06300CEDD47 /* Products */;
			projectDirPath = "";
			projectRoot = "";
			targets = (
				B30338E22A30D06300CEDD47 /* WidgetSoundboard */,
				B30339392A30D34D00CEDD47 /* SoundWidgetExtension */,
				B30338F62A30D06300CEDD47 /* WidgetSoundboardTests */,
				B30339002A30D06400CEDD47 /* WidgetSoundboardUITests */,
			);
		};
/* End PBXProject section */

/* Begin PBXResourcesBuildPhase section */
		B30338E12A30D06300CEDD47 /* Resources */ = {
			isa = PBXResourcesBuildPhase;
			buildActionMask = 2147483647;
			files = (
				B340402A2A3A1FEC00A1D23E /* horse.m4a in Resources */,
				B30339552A32AB3800CEDD47 /* seagulls.caf in Resources */,
				B30339572A32AB3800CEDD47 /* frog.caf in Resources */,
				B30338EE2A30D06300CEDD47 /* Preview Assets.xcassets in Resources */,
				B321932B2A3D86450050B011 /* wait.m4a in Resources */,
				B30338EB2A30D06300CEDD47 /* Assets.xcassets in Resources */,
			);
			runOnlyForDeploymentPostprocessing = 0;
		};
		B30338F52A30D06300CEDD47 /* Resources */ = {
			isa = PBXResourcesBuildPhase;
			buildActionMask = 2147483647;
			files = (
			);
			runOnlyForDeploymentPostprocessing = 0;
		};
		B30338FF2A30D06400CEDD47 /* Resources */ = {
			isa = PBXResourcesBuildPhase;
			buildActionMask = 2147483647;
			files = (
			);
			runOnlyForDeploymentPostprocessing = 0;
		};
		B30339382A30D34D00CEDD47 /* Resources */ = {
			isa = PBXResourcesBuildPhase;
			buildActionMask = 2147483647;
			files = (
				B340402F2A3A5D7500A1D23E /* horse.m4a in Resources */,
				B340402E2A3A5D7500A1D23E /* seagulls.caf in Resources */,
				B321932C2A3D86450050B011 /* wait.m4a in Resources */,
				B340402D2A3A5D7500A1D23E /* frog.caf in Resources */,
				B30339472A30D34D00CEDD47 /* Assets.xcassets in Resources */,
			);
			runOnlyForDeploymentPostprocessing = 0;
		};
/* End PBXResourcesBuildPhase section */

/* Begin PBXSourcesBuildPhase section */
		B30338DF2A30D06300CEDD47 /* Sources */ = {
			isa = PBXSourcesBuildPhase;
			buildActionMask = 2147483647;
			files = (
				B30FD83D2A6E5A1800990160 /* ColorRow.swift in Sources */,
				B30338E92A30D06300CEDD47 /* ContentView.swift in Sources */,
				B32BF3442A38E7D3005BFA59 /* Alignment.swift in Sources */,
				B30339152A30D08100CEDD47 /* Intent.swift in Sources */,
				B30338F02A30D06300CEDD47 /* Data.swift in Sources */,
				B32BF35E2A39891F005BFA59 /* AsyncButton.swift in Sources */,
				B30FD8462A6E8A1800990160 /* WaveformAnalyzer.swift in Sources */,
				B30FD8482A6E8AB100990160 /* TempiFFT.swift in Sources */,
				B32193302A3FAD0C0050B011 /* EditorView.swift in Sources */,
				B3DD59DD2A6B070500314F4E /* AudioRecorder.swift in Sources */,
				B30FD8442A6E7DEB00990160 /* WaveformView.swift in Sources */,
				B30FD8422A6E637B00990160 /* RecordingButton.swift in Sources */,
				B30338E72A30D06300CEDD47 /* App.swift in Sources */,
				B34040272A398F1800A1D23E /* Color.swift in Sources */,
			);
			runOnlyForDeploymentPostprocessing = 0;
		};
		B30338F32A30D06300CEDD47 /* Sources */ = {
			isa = PBXSourcesBuildPhase;
			buildActionMask = 2147483647;
			files = (
				B30338FC2A30D06300CEDD47 /* WidgetSoundboardTests.swift in Sources */,
			);
			runOnlyForDeploymentPostprocessing = 0;
		};
		B30338FD2A30D06400CEDD47 /* Sources */ = {
			isa = PBXSourcesBuildPhase;
			buildActionMask = 2147483647;
			files = (
				B30339062A30D06400CEDD47 /* WidgetSoundboardUITests.swift in Sources */,
				B30339082A30D06400CEDD47 /* WidgetSoundboardUITestsLaunchTests.swift in Sources */,
			);
			runOnlyForDeploymentPostprocessing = 0;
		};
		B30339362A30D34D00CEDD47 /* Sources */ = {
			isa = PBXSourcesBuildPhase;
			buildActionMask = 2147483647;
			files = (
				B30339432A30D34D00CEDD47 /* SoundWidget.swift in Sources */,
				B34040282A398F1800A1D23E /* Color.swift in Sources */,
				B303394F2A30D39C00CEDD47 /* Intent.swift in Sources */,
				B32BF3452A38E7D3005BFA59 /* Alignment.swift in Sources */,
				B30339452A30D34D00CEDD47 /* AppIntent.swift in Sources */,
				B32BF35F2A39891F005BFA59 /* AsyncButton.swift in Sources */,
				B30339412A30D34D00CEDD47 /* SoundWidgetLiveActivity.swift in Sources */,
				B303393F2A30D34D00CEDD47 /* SoundWidgetBundle.swift in Sources */,
				B32BF3462A38F3F1005BFA59 /* Data.swift in Sources */,
			);
			runOnlyForDeploymentPostprocessing = 0;
		};
/* End PBXSourcesBuildPhase section */

/* Begin PBXTargetDependency section */
		B30338F92A30D06300CEDD47 /* PBXTargetDependency */ = {
			isa = PBXTargetDependency;
			target = B30338E22A30D06300CEDD47 /* WidgetSoundboard */;
			targetProxy = B30338F82A30D06300CEDD47 /* PBXContainerItemProxy */;
		};
		B30339032A30D06400CEDD47 /* PBXTargetDependency */ = {
			isa = PBXTargetDependency;
			target = B30338E22A30D06300CEDD47 /* WidgetSoundboard */;
			targetProxy = B30339022A30D06400CEDD47 /* PBXContainerItemProxy */;
		};
		B303394A2A30D34D00CEDD47 /* PBXTargetDependency */ = {
			isa = PBXTargetDependency;
			target = B30339392A30D34D00CEDD47 /* SoundWidgetExtension */;
			targetProxy = B30339492A30D34D00CEDD47 /* PBXContainerItemProxy */;
		};
/* End PBXTargetDependency section */

/* Begin XCBuildConfiguration section */
		B30339092A30D06400CEDD47 /* Debug */ = {
			isa = XCBuildConfiguration;
			buildSettings = {
				ALWAYS_SEARCH_USER_PATHS = NO;
				ASSETCATALOG_COMPILER_GENERATE_SWIFT_ASSET_SYMBOL_EXTENSIONS = YES;
				CLANG_ANALYZER_NONNULL = YES;
				CLANG_ANALYZER_NUMBER_OBJECT_CONVERSION = YES_AGGRESSIVE;
				CLANG_CXX_LANGUAGE_STANDARD = "gnu++20";
				CLANG_ENABLE_MODULES = YES;
				CLANG_ENABLE_OBJC_ARC = YES;
				CLANG_ENABLE_OBJC_WEAK = YES;
				CLANG_WARN_BLOCK_CAPTURE_AUTORELEASING = YES;
				CLANG_WARN_BOOL_CONVERSION = YES;
				CLANG_WARN_COMMA = YES;
				CLANG_WARN_CONSTANT_CONVERSION = YES;
				CLANG_WARN_DEPRECATED_OBJC_IMPLEMENTATIONS = YES;
				CLANG_WARN_DIRECT_OBJC_ISA_USAGE = YES_ERROR;
				CLANG_WARN_DOCUMENTATION_COMMENTS = YES;
				CLANG_WARN_EMPTY_BODY = YES;
				CLANG_WARN_ENUM_CONVERSION = YES;
				CLANG_WARN_INFINITE_RECURSION = YES;
				CLANG_WARN_INT_CONVERSION = YES;
				CLANG_WARN_NON_LITERAL_NULL_CONVERSION = YES;
				CLANG_WARN_OBJC_IMPLICIT_RETAIN_SELF = YES;
				CLANG_WARN_OBJC_LITERAL_CONVERSION = YES;
				CLANG_WARN_OBJC_ROOT_CLASS = YES_ERROR;
				CLANG_WARN_QUOTED_INCLUDE_IN_FRAMEWORK_HEADER = YES;
				CLANG_WARN_RANGE_LOOP_ANALYSIS = YES;
				CLANG_WARN_STRICT_PROTOTYPES = YES;
				CLANG_WARN_SUSPICIOUS_MOVE = YES;
				CLANG_WARN_UNGUARDED_AVAILABILITY = YES_AGGRESSIVE;
				CLANG_WARN_UNREACHABLE_CODE = YES;
				CLANG_WARN__DUPLICATE_METHOD_MATCH = YES;
				COPY_PHASE_STRIP = NO;
				DEBUG_INFORMATION_FORMAT = dwarf;
				ENABLE_STRICT_OBJC_MSGSEND = YES;
				ENABLE_TESTABILITY = YES;
				ENABLE_USER_SCRIPT_SANDBOXING = YES;
				GCC_C_LANGUAGE_STANDARD = gnu17;
				GCC_DYNAMIC_NO_PIC = NO;
				GCC_NO_COMMON_BLOCKS = YES;
				GCC_OPTIMIZATION_LEVEL = 0;
				GCC_PREPROCESSOR_DEFINITIONS = (
					"DEBUG=1",
					"$(inherited)",
				);
				GCC_WARN_64_TO_32_BIT_CONVERSION = YES;
				GCC_WARN_ABOUT_RETURN_TYPE = YES_ERROR;
				GCC_WARN_UNDECLARED_SELECTOR = YES;
				GCC_WARN_UNINITIALIZED_AUTOS = YES_AGGRESSIVE;
				GCC_WARN_UNUSED_FUNCTION = YES;
				GCC_WARN_UNUSED_VARIABLE = YES;
				IPHONEOS_DEPLOYMENT_TARGET = 17.0;
				LOCALIZATION_PREFERS_STRING_CATALOGS = YES;
				MTL_ENABLE_DEBUG_INFO = INCLUDE_SOURCE;
				MTL_FAST_MATH = YES;
				ONLY_ACTIVE_ARCH = YES;
				SDKROOT = iphoneos;
				SWIFT_ACTIVE_COMPILATION_CONDITIONS = "DEBUG $(inherited)";
				SWIFT_OPTIMIZATION_LEVEL = "-Onone";
			};
			name = Debug;
		};
		B303390A2A30D06400CEDD47 /* Release */ = {
			isa = XCBuildConfiguration;
			buildSettings = {
				ALWAYS_SEARCH_USER_PATHS = NO;
				ASSETCATALOG_COMPILER_GENERATE_SWIFT_ASSET_SYMBOL_EXTENSIONS = YES;
				CLANG_ANALYZER_NONNULL = YES;
				CLANG_ANALYZER_NUMBER_OBJECT_CONVERSION = YES_AGGRESSIVE;
				CLANG_CXX_LANGUAGE_STANDARD = "gnu++20";
				CLANG_ENABLE_MODULES = YES;
				CLANG_ENABLE_OBJC_ARC = YES;
				CLANG_ENABLE_OBJC_WEAK = YES;
				CLANG_WARN_BLOCK_CAPTURE_AUTORELEASING = YES;
				CLANG_WARN_BOOL_CONVERSION = YES;
				CLANG_WARN_COMMA = YES;
				CLANG_WARN_CONSTANT_CONVERSION = YES;
				CLANG_WARN_DEPRECATED_OBJC_IMPLEMENTATIONS = YES;
				CLANG_WARN_DIRECT_OBJC_ISA_USAGE = YES_ERROR;
				CLANG_WARN_DOCUMENTATION_COMMENTS = YES;
				CLANG_WARN_EMPTY_BODY = YES;
				CLANG_WARN_ENUM_CONVERSION = YES;
				CLANG_WARN_INFINITE_RECURSION = YES;
				CLANG_WARN_INT_CONVERSION = YES;
				CLANG_WARN_NON_LITERAL_NULL_CONVERSION = YES;
				CLANG_WARN_OBJC_IMPLICIT_RETAIN_SELF = YES;
				CLANG_WARN_OBJC_LITERAL_CONVERSION = YES;
				CLANG_WARN_OBJC_ROOT_CLASS = YES_ERROR;
				CLANG_WARN_QUOTED_INCLUDE_IN_FRAMEWORK_HEADER = YES;
				CLANG_WARN_RANGE_LOOP_ANALYSIS = YES;
				CLANG_WARN_STRICT_PROTOTYPES = YES;
				CLANG_WARN_SUSPICIOUS_MOVE = YES;
				CLANG_WARN_UNGUARDED_AVAILABILITY = YES_AGGRESSIVE;
				CLANG_WARN_UNREACHABLE_CODE = YES;
				CLANG_WARN__DUPLICATE_METHOD_MATCH = YES;
				COPY_PHASE_STRIP = NO;
				DEBUG_INFORMATION_FORMAT = "dwarf-with-dsym";
				ENABLE_NS_ASSERTIONS = NO;
				ENABLE_STRICT_OBJC_MSGSEND = YES;
				ENABLE_USER_SCRIPT_SANDBOXING = YES;
				GCC_C_LANGUAGE_STANDARD = gnu17;
				GCC_NO_COMMON_BLOCKS = YES;
				GCC_WARN_64_TO_32_BIT_CONVERSION = YES;
				GCC_WARN_ABOUT_RETURN_TYPE = YES_ERROR;
				GCC_WARN_UNDECLARED_SELECTOR = YES;
				GCC_WARN_UNINITIALIZED_AUTOS = YES_AGGRESSIVE;
				GCC_WARN_UNUSED_FUNCTION = YES;
				GCC_WARN_UNUSED_VARIABLE = YES;
				IPHONEOS_DEPLOYMENT_TARGET = 17.0;
				LOCALIZATION_PREFERS_STRING_CATALOGS = YES;
				MTL_ENABLE_DEBUG_INFO = NO;
				MTL_FAST_MATH = YES;
				SDKROOT = iphoneos;
				SWIFT_COMPILATION_MODE = wholemodule;
				VALIDATE_PRODUCT = YES;
			};
			name = Release;
		};
		B303390C2A30D06400CEDD47 /* Debug */ = {
			isa = XCBuildConfiguration;
			buildSettings = {
				ALWAYS_EMBED_SWIFT_STANDARD_LIBRARIES = YES;
				ASSETCATALOG_COMPILER_APPICON_NAME = AppIcon;
				ASSETCATALOG_COMPILER_GLOBAL_ACCENT_COLOR_NAME = AccentColor;
				CODE_SIGN_ENTITLEMENTS = WidgetSoundboard/WidgetSoundboard.entitlements;
				CODE_SIGN_IDENTITY = "Apple Development";
				CODE_SIGN_STYLE = Automatic;
				CURRENT_PROJECT_VERSION = 1;
				DEVELOPMENT_ASSET_PATHS = "\"WidgetSoundboard/Preview Content\"";
				DEVELOPMENT_TEAM = P459Y32P65;
				ENABLE_PREVIEWS = YES;
				GENERATE_INFOPLIST_FILE = YES;
				INFOPLIST_FILE = WidgetSoundboard/Info.plist;
				INFOPLIST_KEY_CFBundleDisplayName = Klang;
				INFOPLIST_KEY_LSApplicationCategoryType = "public.app-category.music";
				INFOPLIST_KEY_UIApplicationSceneManifest_Generation = YES;
				INFOPLIST_KEY_UIApplicationSupportsIndirectInputEvents = YES;
				INFOPLIST_KEY_UILaunchScreen_Generation = YES;
				INFOPLIST_KEY_UISupportedInterfaceOrientations_iPad = "UIInterfaceOrientationPortrait UIInterfaceOrientationPortraitUpsideDown UIInterfaceOrientationLandscapeLeft UIInterfaceOrientationLandscapeRight";
				INFOPLIST_KEY_UISupportedInterfaceOrientations_iPhone = "UIInterfaceOrientationPortrait UIInterfaceOrientationLandscapeLeft UIInterfaceOrientationLandscapeRight";
				LD_RUNPATH_SEARCH_PATHS = (
					"$(inherited)",
					"@executable_path/Frameworks",
				);
				MARKETING_VERSION = 1.0;
				PRODUCT_BUNDLE_IDENTIFIER = io.unorderly.klang;
				PRODUCT_NAME = "$(TARGET_NAME)";
				PROVISIONING_PROFILE_SPECIFIER = "";
				SWIFT_EMIT_LOC_STRINGS = YES;
				SWIFT_VERSION = 5.0;
				TARGETED_DEVICE_FAMILY = "1,2";
			};
			name = Debug;
		};
		B303390D2A30D06400CEDD47 /* Release */ = {
			isa = XCBuildConfiguration;
			buildSettings = {
				ALWAYS_EMBED_SWIFT_STANDARD_LIBRARIES = YES;
				ASSETCATALOG_COMPILER_APPICON_NAME = AppIcon;
				ASSETCATALOG_COMPILER_GLOBAL_ACCENT_COLOR_NAME = AccentColor;
				CODE_SIGN_ENTITLEMENTS = WidgetSoundboard/WidgetSoundboard.entitlements;
				CODE_SIGN_IDENTITY = "Apple Development";
				CODE_SIGN_STYLE = Automatic;
				CURRENT_PROJECT_VERSION = 1;
				DEVELOPMENT_ASSET_PATHS = "\"WidgetSoundboard/Preview Content\"";
				DEVELOPMENT_TEAM = P459Y32P65;
				ENABLE_PREVIEWS = YES;
				GENERATE_INFOPLIST_FILE = YES;
				INFOPLIST_FILE = WidgetSoundboard/Info.plist;
				INFOPLIST_KEY_CFBundleDisplayName = Klang;
				INFOPLIST_KEY_LSApplicationCategoryType = "public.app-category.music";
				INFOPLIST_KEY_UIApplicationSceneManifest_Generation = YES;
				INFOPLIST_KEY_UIApplicationSupportsIndirectInputEvents = YES;
				INFOPLIST_KEY_UILaunchScreen_Generation = YES;
				INFOPLIST_KEY_UISupportedInterfaceOrientations_iPad = "UIInterfaceOrientationPortrait UIInterfaceOrientationPortraitUpsideDown UIInterfaceOrientationLandscapeLeft UIInterfaceOrientationLandscapeRight";
				INFOPLIST_KEY_UISupportedInterfaceOrientations_iPhone = "UIInterfaceOrientationPortrait UIInterfaceOrientationLandscapeLeft UIInterfaceOrientationLandscapeRight";
				LD_RUNPATH_SEARCH_PATHS = (
					"$(inherited)",
					"@executable_path/Frameworks",
				);
				MARKETING_VERSION = 1.0;
				PRODUCT_BUNDLE_IDENTIFIER = io.unorderly.klang;
				PRODUCT_NAME = "$(TARGET_NAME)";
				PROVISIONING_PROFILE_SPECIFIER = "";
				SWIFT_EMIT_LOC_STRINGS = YES;
				SWIFT_VERSION = 5.0;
				TARGETED_DEVICE_FAMILY = "1,2";
			};
			name = Release;
		};
		B303390F2A30D06400CEDD47 /* Debug */ = {
			isa = XCBuildConfiguration;
			buildSettings = {
				ALWAYS_EMBED_SWIFT_STANDARD_LIBRARIES = YES;
				BUNDLE_LOADER = "$(TEST_HOST)";
				CODE_SIGN_STYLE = Automatic;
				CURRENT_PROJECT_VERSION = 1;
				DEVELOPMENT_TEAM = P459Y32P65;
				GENERATE_INFOPLIST_FILE = YES;
				IPHONEOS_DEPLOYMENT_TARGET = 17.0;
				MARKETING_VERSION = 1.0;
				PRODUCT_BUNDLE_IDENTIFIER = io.unorderly.klang.tests;
				PRODUCT_NAME = "$(TARGET_NAME)";
				SWIFT_EMIT_LOC_STRINGS = NO;
				SWIFT_VERSION = 5.0;
				TARGETED_DEVICE_FAMILY = "1,2";
				TEST_HOST = "$(BUILT_PRODUCTS_DIR)/WidgetSoundboard.app/$(BUNDLE_EXECUTABLE_FOLDER_PATH)/WidgetSoundboard";
			};
			name = Debug;
		};
		B30339102A30D06400CEDD47 /* Release */ = {
			isa = XCBuildConfiguration;
			buildSettings = {
				ALWAYS_EMBED_SWIFT_STANDARD_LIBRARIES = YES;
				BUNDLE_LOADER = "$(TEST_HOST)";
				CODE_SIGN_STYLE = Automatic;
				CURRENT_PROJECT_VERSION = 1;
				DEVELOPMENT_TEAM = P459Y32P65;
				GENERATE_INFOPLIST_FILE = YES;
				IPHONEOS_DEPLOYMENT_TARGET = 17.0;
				MARKETING_VERSION = 1.0;
				PRODUCT_BUNDLE_IDENTIFIER = io.unorderly.klang.tests;
				PRODUCT_NAME = "$(TARGET_NAME)";
				SWIFT_EMIT_LOC_STRINGS = NO;
				SWIFT_VERSION = 5.0;
				TARGETED_DEVICE_FAMILY = "1,2";
				TEST_HOST = "$(BUILT_PRODUCTS_DIR)/WidgetSoundboard.app/$(BUNDLE_EXECUTABLE_FOLDER_PATH)/WidgetSoundboard";
			};
			name = Release;
		};
		B30339122A30D06400CEDD47 /* Debug */ = {
			isa = XCBuildConfiguration;
			buildSettings = {
				ALWAYS_EMBED_SWIFT_STANDARD_LIBRARIES = YES;
				CODE_SIGN_STYLE = Automatic;
				CURRENT_PROJECT_VERSION = 1;
				DEVELOPMENT_TEAM = P459Y32P65;
				GENERATE_INFOPLIST_FILE = YES;
				MARKETING_VERSION = 1.0;
				PRODUCT_BUNDLE_IDENTIFIER = io.unorderly.klang.uitests;
				PRODUCT_NAME = "$(TARGET_NAME)";
				SWIFT_EMIT_LOC_STRINGS = NO;
				SWIFT_VERSION = 5.0;
				TARGETED_DEVICE_FAMILY = "1,2";
				TEST_TARGET_NAME = WidgetSoundboard;
			};
			name = Debug;
		};
		B30339132A30D06400CEDD47 /* Release */ = {
			isa = XCBuildConfiguration;
			buildSettings = {
				ALWAYS_EMBED_SWIFT_STANDARD_LIBRARIES = YES;
				CODE_SIGN_STYLE = Automatic;
				CURRENT_PROJECT_VERSION = 1;
				DEVELOPMENT_TEAM = P459Y32P65;
				GENERATE_INFOPLIST_FILE = YES;
				MARKETING_VERSION = 1.0;
				PRODUCT_BUNDLE_IDENTIFIER = io.unorderly.klang.uitests;
				PRODUCT_NAME = "$(TARGET_NAME)";
				SWIFT_EMIT_LOC_STRINGS = NO;
				SWIFT_VERSION = 5.0;
				TARGETED_DEVICE_FAMILY = "1,2";
				TEST_TARGET_NAME = WidgetSoundboard;
			};
			name = Release;
		};
		B303394D2A30D34D00CEDD47 /* Debug */ = {
			isa = XCBuildConfiguration;
			buildSettings = {
				ASSETCATALOG_COMPILER_GLOBAL_ACCENT_COLOR_NAME = AccentColor;
				ASSETCATALOG_COMPILER_WIDGET_BACKGROUND_COLOR_NAME = WidgetBackground;
				CODE_SIGN_ENTITLEMENTS = SoundWidget/SoundWidgetExtension.entitlements;
				CODE_SIGN_STYLE = Automatic;
				CURRENT_PROJECT_VERSION = 1;
				DEVELOPMENT_TEAM = P459Y32P65;
				GENERATE_INFOPLIST_FILE = YES;
				INFOPLIST_FILE = SoundWidget/Info.plist;
				INFOPLIST_KEY_CFBundleDisplayName = SoundWidget;
				INFOPLIST_KEY_NSHumanReadableCopyright = "";
				LD_RUNPATH_SEARCH_PATHS = (
					"$(inherited)",
					"@executable_path/Frameworks",
					"@executable_path/../../Frameworks",
				);
				MARKETING_VERSION = 1.0;
				PRODUCT_BUNDLE_IDENTIFIER = io.unorderly.klang.widget;
				PRODUCT_NAME = "$(TARGET_NAME)";
				SKIP_INSTALL = YES;
				SWIFT_EMIT_LOC_STRINGS = YES;
				SWIFT_VERSION = 5.0;
				TARGETED_DEVICE_FAMILY = "1,2";
			};
			name = Debug;
		};
		B303394E2A30D34D00CEDD47 /* Release */ = {
			isa = XCBuildConfiguration;
			buildSettings = {
				ASSETCATALOG_COMPILER_GLOBAL_ACCENT_COLOR_NAME = AccentColor;
				ASSETCATALOG_COMPILER_WIDGET_BACKGROUND_COLOR_NAME = WidgetBackground;
				CODE_SIGN_ENTITLEMENTS = SoundWidget/SoundWidgetExtension.entitlements;
				CODE_SIGN_STYLE = Automatic;
				CURRENT_PROJECT_VERSION = 1;
				DEVELOPMENT_TEAM = P459Y32P65;
				GENERATE_INFOPLIST_FILE = YES;
				INFOPLIST_FILE = SoundWidget/Info.plist;
				INFOPLIST_KEY_CFBundleDisplayName = SoundWidget;
				INFOPLIST_KEY_NSHumanReadableCopyright = "";
				LD_RUNPATH_SEARCH_PATHS = (
					"$(inherited)",
					"@executable_path/Frameworks",
					"@executable_path/../../Frameworks",
				);
				MARKETING_VERSION = 1.0;
				PRODUCT_BUNDLE_IDENTIFIER = io.unorderly.klang.widget;
				PRODUCT_NAME = "$(TARGET_NAME)";
				SKIP_INSTALL = YES;
				SWIFT_EMIT_LOC_STRINGS = YES;
				SWIFT_VERSION = 5.0;
				TARGETED_DEVICE_FAMILY = "1,2";
			};
			name = Release;
		};
/* End XCBuildConfiguration section */

/* Begin XCConfigurationList section */
		B30338DE2A30D06300CEDD47 /* Build configuration list for PBXProject "WidgetSoundboard" */ = {
			isa = XCConfigurationList;
			buildConfigurations = (
				B30339092A30D06400CEDD47 /* Debug */,
				B303390A2A30D06400CEDD47 /* Release */,
			);
			defaultConfigurationIsVisible = 0;
			defaultConfigurationName = Release;
		};
		B303390B2A30D06400CEDD47 /* Build configuration list for PBXNativeTarget "WidgetSoundboard" */ = {
			isa = XCConfigurationList;
			buildConfigurations = (
				B303390C2A30D06400CEDD47 /* Debug */,
				B303390D2A30D06400CEDD47 /* Release */,
			);
			defaultConfigurationIsVisible = 0;
			defaultConfigurationName = Release;
		};
		B303390E2A30D06400CEDD47 /* Build configuration list for PBXNativeTarget "WidgetSoundboardTests" */ = {
			isa = XCConfigurationList;
			buildConfigurations = (
				B303390F2A30D06400CEDD47 /* Debug */,
				B30339102A30D06400CEDD47 /* Release */,
			);
			defaultConfigurationIsVisible = 0;
			defaultConfigurationName = Release;
		};
		B30339112A30D06400CEDD47 /* Build configuration list for PBXNativeTarget "WidgetSoundboardUITests" */ = {
			isa = XCConfigurationList;
			buildConfigurations = (
				B30339122A30D06400CEDD47 /* Debug */,
				B30339132A30D06400CEDD47 /* Release */,
			);
			defaultConfigurationIsVisible = 0;
			defaultConfigurationName = Release;
		};
		B303394C2A30D34D00CEDD47 /* Build configuration list for PBXNativeTarget "SoundWidgetExtension" */ = {
			isa = XCConfigurationList;
			buildConfigurations = (
				B303394D2A30D34D00CEDD47 /* Debug */,
				B303394E2A30D34D00CEDD47 /* Release */,
			);
			defaultConfigurationIsVisible = 0;
			defaultConfigurationName = Release;
		};
/* End XCConfigurationList section */

/* Begin XCRemoteSwiftPackageReference section */
		B30FD83E2A6E628100990160 /* XCRemoteSwiftPackageReference "MCEmojiPicker" */ = {
			isa = XCRemoteSwiftPackageReference;
			repositoryURL = "https://github.com/izyumkin/MCEmojiPicker";
			requirement = {
				kind = upToNextMajorVersion;
				minimumVersion = 1.2.1;
			};
		};
		B32BF3582A393596005BFA59 /* XCRemoteSwiftPackageReference "Defaults" */ = {
			isa = XCRemoteSwiftPackageReference;
			repositoryURL = "https://github.com/sindresorhus/Defaults";
			requirement = {
				branch = main;
				kind = branch;
			};
		};
		B3DD59D92A6B046400314F4E /* XCRemoteSwiftPackageReference "swiftui-reorderable-foreach" */ = {
			isa = XCRemoteSwiftPackageReference;
			repositoryURL = "https://github.com/globulus/swiftui-reorderable-foreach";
			requirement = {
				kind = upToNextMajorVersion;
				minimumVersion = 1.0.0;
			};
		};
/* End XCRemoteSwiftPackageReference section */

/* Begin XCSwiftPackageProductDependency section */
		B30FD83F2A6E628100990160 /* MCEmojiPicker */ = {
			isa = XCSwiftPackageProductDependency;
			package = B30FD83E2A6E628100990160 /* XCRemoteSwiftPackageReference "MCEmojiPicker" */;
			productName = MCEmojiPicker;
		};
		B32BF3592A393596005BFA59 /* Defaults */ = {
			isa = XCSwiftPackageProductDependency;
			package = B32BF3582A393596005BFA59 /* XCRemoteSwiftPackageReference "Defaults" */;
			productName = Defaults;
		};
		B32BF35B2A3935BA005BFA59 /* Defaults */ = {
			isa = XCSwiftPackageProductDependency;
			package = B32BF3582A393596005BFA59 /* XCRemoteSwiftPackageReference "Defaults" */;
			productName = Defaults;
		};
		B3DD59DA2A6B046400314F4E /* SwiftUIReorderableForEach */ = {
			isa = XCSwiftPackageProductDependency;
			package = B3DD59D92A6B046400314F4E /* XCRemoteSwiftPackageReference "swiftui-reorderable-foreach" */;
			productName = SwiftUIReorderableForEach;
		};
/* End XCSwiftPackageProductDependency section */
	};
	rootObject = B30338DB2A30D06300CEDD47 /* Project object */;
}
