// !$*UTF8*$!
{
	archiveVersion = 1;
	classes = {
	};
	objectVersion = 56;
	objects = {

/* Begin PBXBuildFile section */
		3668524B2D68837300082787 /* ColorPalette.swift in Sources */ = {isa = PBXBuildFile; fileRef = 3668524A2D68837100082787 /* ColorPalette.swift */; };
		3668524C2D6883CC00082787 /* ColorPalette.swift in Sources */ = {isa = PBXBuildFile; fileRef = 3668524A2D68837100082787 /* ColorPalette.swift */; };
		36F4FE4A2D6C8E7E00018421 /* DebounceBinding.swift in Sources */ = {isa = PBXBuildFile; fileRef = 36F4FE492D6C8E7700018421 /* DebounceBinding.swift */; };
		B30338E72A30D06300CEDD47 /* App.swift in Sources */ = {isa = PBXBuildFile; fileRef = B30338E62A30D06300CEDD47 /* App.swift */; };
		B30338E92A30D06300CEDD47 /* MainView.swift in Sources */ = {isa = PBXBuildFile; fileRef = B30338E82A30D06300CEDD47 /* MainView.swift */; };
		B30338EB2A30D06300CEDD47 /* Assets.xcassets in Resources */ = {isa = PBXBuildFile; fileRef = B30338EA2A30D06300CEDD47 /* Assets.xcassets */; };
		B30338EE2A30D06300CEDD47 /* Preview Assets.xcassets in Resources */ = {isa = PBXBuildFile; fileRef = B30338ED2A30D06300CEDD47 /* Preview Assets.xcassets */; };
		B30338F02A30D06300CEDD47 /* Data.swift in Sources */ = {isa = PBXBuildFile; fileRef = B30338EF2A30D06300CEDD47 /* Data.swift */; };
		B30338FC2A30D06300CEDD47 /* WidgetSoundboardTests.swift in Sources */ = {isa = PBXBuildFile; fileRef = B30338FB2A30D06300CEDD47 /* WidgetSoundboardTests.swift */; };
		B30339062A30D06400CEDD47 /* WidgetSoundboardUITests.swift in Sources */ = {isa = PBXBuildFile; fileRef = B30339052A30D06400CEDD47 /* WidgetSoundboardUITests.swift */; };
		B30339082A30D06400CEDD47 /* WidgetSoundboardUITestsLaunchTests.swift in Sources */ = {isa = PBXBuildFile; fileRef = B30339072A30D06400CEDD47 /* WidgetSoundboardUITestsLaunchTests.swift */; };
		B30339152A30D08100CEDD47 /* Intent.swift in Sources */ = {isa = PBXBuildFile; fileRef = B30339142A30D08100CEDD47 /* Intent.swift */; };
		B303393B2A30D34D00CEDD47 /* WidgetKit.framework in Frameworks */ = {isa = PBXBuildFile; fileRef = B303391E2A30D25300CEDD47 /* WidgetKit.framework */; };
		B303393C2A30D34D00CEDD47 /* SwiftUI.framework in Frameworks */ = {isa = PBXBuildFile; fileRef = B30339202A30D25300CEDD47 /* SwiftUI.framework */; };
		B303393F2A30D34D00CEDD47 /* WidgetBundle.swift in Sources */ = {isa = PBXBuildFile; fileRef = B303393E2A30D34D00CEDD47 /* WidgetBundle.swift */; };
		B30339432A30D34D00CEDD47 /* View.swift in Sources */ = {isa = PBXBuildFile; fileRef = B30339422A30D34D00CEDD47 /* View.swift */; };
		B30339452A30D34D00CEDD47 /* ConfigurationIntent.swift in Sources */ = {isa = PBXBuildFile; fileRef = B30339442A30D34D00CEDD47 /* ConfigurationIntent.swift */; };
		B30339472A30D34D00CEDD47 /* Assets.xcassets in Resources */ = {isa = PBXBuildFile; fileRef = B30339462A30D34D00CEDD47 /* Assets.xcassets */; };
		B303394B2A30D34D00CEDD47 /* Widget.appex in Embed Foundation Extensions */ = {isa = PBXBuildFile; fileRef = B303393A2A30D34D00CEDD47 /* Widget.appex */; settings = {ATTRIBUTES = (RemoveHeadersOnCopy, ); }; };
		B303394F2A30D39C00CEDD47 /* Intent.swift in Sources */ = {isa = PBXBuildFile; fileRef = B30339142A30D08100CEDD47 /* Intent.swift */; };
		B30FD83D2A6E5A1800990160 /* ColorRow.swift in Sources */ = {isa = PBXBuildFile; fileRef = B30FD83C2A6E5A1800990160 /* ColorRow.swift */; };
		B30FD8402A6E628100990160 /* MCEmojiPicker in Frameworks */ = {isa = PBXBuildFile; productRef = B30FD83F2A6E628100990160 /* MCEmojiPicker */; };
		B30FD8422A6E637B00990160 /* RecordingButton.swift in Sources */ = {isa = PBXBuildFile; fileRef = B30FD8412A6E637B00990160 /* RecordingButton.swift */; };
		B30FD8442A6E7DEB00990160 /* WaveformView.swift in Sources */ = {isa = PBXBuildFile; fileRef = B30FD8432A6E7DEB00990160 /* WaveformView.swift */; };
		B30FD8462A6E8A1800990160 /* WaveformAnalyzer.swift in Sources */ = {isa = PBXBuildFile; fileRef = B30FD8452A6E8A1800990160 /* WaveformAnalyzer.swift */; };
		B30FD8482A6E8AB100990160 /* TempiFFT.swift in Sources */ = {isa = PBXBuildFile; fileRef = B30FD8472A6E8AB100990160 /* TempiFFT.swift */; };
		B32193302A3FAD0C0050B011 /* EditorView.swift in Sources */ = {isa = PBXBuildFile; fileRef = B321932F2A3FAD0C0050B011 /* EditorView.swift */; };
		B32BF3442A38E7D3005BFA59 /* Alignment.swift in Sources */ = {isa = PBXBuildFile; fileRef = B32BF3432A38E7D3005BFA59 /* Alignment.swift */; };
		B32BF3452A38E7D3005BFA59 /* Alignment.swift in Sources */ = {isa = PBXBuildFile; fileRef = B32BF3432A38E7D3005BFA59 /* Alignment.swift */; };
		B32BF3462A38F3F1005BFA59 /* Data.swift in Sources */ = {isa = PBXBuildFile; fileRef = B30338EF2A30D06300CEDD47 /* Data.swift */; };
		B32BF35A2A393596005BFA59 /* Defaults in Frameworks */ = {isa = PBXBuildFile; productRef = B32BF3592A393596005BFA59 /* Defaults */; };
		B32BF35C2A3935BA005BFA59 /* Defaults in Frameworks */ = {isa = PBXBuildFile; productRef = B32BF35B2A3935BA005BFA59 /* Defaults */; };
		B32BF35E2A39891F005BFA59 /* AsyncButton.swift in Sources */ = {isa = PBXBuildFile; fileRef = B32BF35D2A39891E005BFA59 /* AsyncButton.swift */; };
		B32BF35F2A39891F005BFA59 /* AsyncButton.swift in Sources */ = {isa = PBXBuildFile; fileRef = B32BF35D2A39891E005BFA59 /* AsyncButton.swift */; };
		B34040272A398F1800A1D23E /* Color.swift in Sources */ = {isa = PBXBuildFile; fileRef = B34040262A398F1800A1D23E /* Color.swift */; };
		B34040282A398F1800A1D23E /* Color.swift in Sources */ = {isa = PBXBuildFile; fileRef = B34040262A398F1800A1D23E /* Color.swift */; };
		B34C782F2A8F7AAE009A8BAA /* BoardEditor.swift in Sources */ = {isa = PBXBuildFile; fileRef = B34C782E2A8F7AAE009A8BAA /* BoardEditor.swift */; };
		B34C78312A8F8463009A8BAA /* Modify.swift in Sources */ = {isa = PBXBuildFile; fileRef = B34C78302A8F8463009A8BAA /* Modify.swift */; };
		B34C78332A8FAE09009A8BAA /* BoardView.swift in Sources */ = {isa = PBXBuildFile; fileRef = B34C78322A8FAE09009A8BAA /* BoardView.swift */; };
		B34C78352A8FAE52009A8BAA /* AddSoundView.swift in Sources */ = {isa = PBXBuildFile; fileRef = B34C78342A8FAE52009A8BAA /* AddSoundView.swift */; };
		B34C78372A8FB1CF009A8BAA /* SoundButton.swift in Sources */ = {isa = PBXBuildFile; fileRef = B34C78362A8FB1CF009A8BAA /* SoundButton.swift */; };
		B34C78392A8FB262009A8BAA /* BoardButton.swift in Sources */ = {isa = PBXBuildFile; fileRef = B34C78382A8FB262009A8BAA /* BoardButton.swift */; };
		B34C783B2A8FBE10009A8BAA /* SoundEntity.swift in Sources */ = {isa = PBXBuildFile; fileRef = B34C783A2A8FBE10009A8BAA /* SoundEntity.swift */; };
		B34C783C2A8FBE26009A8BAA /* SoundEntity.swift in Sources */ = {isa = PBXBuildFile; fileRef = B34C783A2A8FBE10009A8BAA /* SoundEntity.swift */; };
		B34C783E2A8FBE44009A8BAA /* ConcurrentQueue.swift in Sources */ = {isa = PBXBuildFile; fileRef = B34C783D2A8FBE44009A8BAA /* ConcurrentQueue.swift */; };
		B34C78402A8FBE5F009A8BAA /* BoardEntity.swift in Sources */ = {isa = PBXBuildFile; fileRef = B34C783F2A8FBE5F009A8BAA /* BoardEntity.swift */; };
		B34C78412A8FBFB9009A8BAA /* ConcurrentQueue.swift in Sources */ = {isa = PBXBuildFile; fileRef = B34C783D2A8FBE44009A8BAA /* ConcurrentQueue.swift */; };
		B34C78422A8FBFC8009A8BAA /* BoardEntity.swift in Sources */ = {isa = PBXBuildFile; fileRef = B34C783F2A8FBE5F009A8BAA /* BoardEntity.swift */; };
		B34C78432A8FCE8C009A8BAA /* ConfigurationIntent.swift in Sources */ = {isa = PBXBuildFile; fileRef = B30339442A30D34D00CEDD47 /* ConfigurationIntent.swift */; };
		B3A8FD422A70FD9400357001 /* AudioBooster.swift in Sources */ = {isa = PBXBuildFile; fileRef = B3A8FD412A70FD9400357001 /* AudioBooster.swift */; };
		B3A8FD442A71000500357001 /* AudioPlayer.swift in Sources */ = {isa = PBXBuildFile; fileRef = B3A8FD432A71000500357001 /* AudioPlayer.swift */; };
		B3D270F72A92088D007D05A9 /* Fuse.swift in Sources */ = {isa = PBXBuildFile; fileRef = B3D270F62A92088D007D05A9 /* Fuse.swift */; };
		B3D3BE162A9B416400D7C077 /* Timeline.swift in Sources */ = {isa = PBXBuildFile; fileRef = B3D3BE152A9B416400D7C077 /* Timeline.swift */; };
		B3D3BE182A9B420100D7C077 /* Widget.swift in Sources */ = {isa = PBXBuildFile; fileRef = B3D3BE172A9B420100D7C077 /* Widget.swift */; };
		B3D6E0092AA09A8C0078A6A9 /* GalleryView.swift in Sources */ = {isa = PBXBuildFile; fileRef = B3D6E0082AA09A8C0078A6A9 /* GalleryView.swift */; };
		B3D6E03A2AA0CCA60078A6A9 /* FadeBackground.swift in Sources */ = {isa = PBXBuildFile; fileRef = B3D6E0392AA0CCA60078A6A9 /* FadeBackground.swift */; };
		B3D6E03C2AA0E34B0078A6A9 /* Gallery in Resources */ = {isa = PBXBuildFile; fileRef = B3D6E03B2AA0E34B0078A6A9 /* Gallery */; };
		B3D6E0402AA0E91F0078A6A9 /* preview-toy.mp3 in Resources */ = {isa = PBXBuildFile; fileRef = B3D6E03F2AA0E91F0078A6A9 /* preview-toy.mp3 */; };
		B3D6E0432AA0E9300078A6A9 /* preview-silly.mp3 in Resources */ = {isa = PBXBuildFile; fileRef = B3D6E0412AA0E92F0078A6A9 /* preview-silly.mp3 */; };
		B3D6E0442AA0E9300078A6A9 /* preview-toilet.mp3 in Resources */ = {isa = PBXBuildFile; fileRef = B3D6E0422AA0E92F0078A6A9 /* preview-toilet.mp3 */; };
		B3D6E0452AA0E9CD0078A6A9 /* preview-toy.mp3 in Resources */ = {isa = PBXBuildFile; fileRef = B3D6E03F2AA0E91F0078A6A9 /* preview-toy.mp3 */; };
		B3D6E0482AA0F0D20078A6A9 /* GalleryBoard.swift in Sources */ = {isa = PBXBuildFile; fileRef = B3D6E0472AA0F0D20078A6A9 /* GalleryBoard.swift */; };
		B3D6E04A2AA0F0EF0078A6A9 /* GallerySound.swift in Sources */ = {isa = PBXBuildFile; fileRef = B3D6E0492AA0F0EF0078A6A9 /* GallerySound.swift */; };
		B3DD59DB2A6B046400314F4E /* SwiftUIReorderableForEach in Frameworks */ = {isa = PBXBuildFile; productRef = B3DD59DA2A6B046400314F4E /* SwiftUIReorderableForEach */; };
		B3DD59DD2A6B070500314F4E /* AudioRecorder.swift in Sources */ = {isa = PBXBuildFile; fileRef = B3DD59DC2A6B070500314F4E /* AudioRecorder.swift */; };
		B3EF669D2AAA23B2008FF8A6 /* IntentRunner.swift in Sources */ = {isa = PBXBuildFile; fileRef = B3EF669C2AAA23B2008FF8A6 /* IntentRunner.swift */; };
		B3EF669F2AAA2484008FF8A6 /* IntentRunner.swift in Sources */ = {isa = PBXBuildFile; fileRef = B3EF669E2AAA2484008FF8A6 /* IntentRunner.swift */; };
/* End PBXBuildFile section */

/* Begin PBXContainerItemProxy section */
		B30338F82A30D06300CEDD47 /* PBXContainerItemProxy */ = {
			isa = PBXContainerItemProxy;
			containerPortal = B30338DB2A30D06300CEDD47 /* Project object */;
			proxyType = 1;
			remoteGlobalIDString = B30338E22A30D06300CEDD47;
			remoteInfo = WidgetSoundboard;
		};
		B30339022A30D06400CEDD47 /* PBXContainerItemProxy */ = {
			isa = PBXContainerItemProxy;
			containerPortal = B30338DB2A30D06300CEDD47 /* Project object */;
			proxyType = 1;
			remoteGlobalIDString = B30338E22A30D06300CEDD47;
			remoteInfo = WidgetSoundboard;
		};
		B30339492A30D34D00CEDD47 /* PBXContainerItemProxy */ = {
			isa = PBXContainerItemProxy;
			containerPortal = B30338DB2A30D06300CEDD47 /* Project object */;
			proxyType = 1;
			remoteGlobalIDString = B30339392A30D34D00CEDD47;
			remoteInfo = SoundWidgetExtension;
		};
/* End PBXContainerItemProxy section */

/* Begin PBXCopyFilesBuildPhase section */
		B30339342A30D25500CEDD47 /* Embed Foundation Extensions */ = {
			isa = PBXCopyFilesBuildPhase;
			buildActionMask = 2147483647;
			dstPath = "";
			dstSubfolderSpec = 13;
			files = (
				B303394B2A30D34D00CEDD47 /* Widget.appex in Embed Foundation Extensions */,
			);
			name = "Embed Foundation Extensions";
			runOnlyForDeploymentPostprocessing = 0;
		};
		B303396F2A34248E00CEDD47 /* Embed ExtensionKit Extensions */ = {
			isa = PBXCopyFilesBuildPhase;
			buildActionMask = 2147483647;
			dstPath = "$(EXTENSIONS_FOLDER_PATH)";
			dstSubfolderSpec = 16;
			files = (
			);
			name = "Embed ExtensionKit Extensions";
			runOnlyForDeploymentPostprocessing = 0;
		};
/* End PBXCopyFilesBuildPhase section */

/* Begin PBXFileReference section */
		3668524A2D68837100082787 /* ColorPalette.swift */ = {isa = PBXFileReference; lastKnownFileType = sourcecode.swift; path = ColorPalette.swift; sourceTree = "<group>"; };
		36F4FE492D6C8E7700018421 /* DebounceBinding.swift */ = {isa = PBXFileReference; lastKnownFileType = sourcecode.swift; path = DebounceBinding.swift; sourceTree = "<group>"; };
		B30338E32A30D06300CEDD47 /* App.app */ = {isa = PBXFileReference; explicitFileType = wrapper.application; includeInIndex = 0; path = App.app; sourceTree = BUILT_PRODUCTS_DIR; };
		B30338E62A30D06300CEDD47 /* App.swift */ = {isa = PBXFileReference; lastKnownFileType = sourcecode.swift; path = App.swift; sourceTree = "<group>"; };
		B30338E82A30D06300CEDD47 /* MainView.swift */ = {isa = PBXFileReference; lastKnownFileType = sourcecode.swift; path = MainView.swift; sourceTree = "<group>"; };
		B30338EA2A30D06300CEDD47 /* Assets.xcassets */ = {isa = PBXFileReference; lastKnownFileType = folder.assetcatalog; path = Assets.xcassets; sourceTree = "<group>"; };
		B30338ED2A30D06300CEDD47 /* Preview Assets.xcassets */ = {isa = PBXFileReference; lastKnownFileType = folder.assetcatalog; path = "Preview Assets.xcassets"; sourceTree = "<group>"; };
		B30338EF2A30D06300CEDD47 /* Data.swift */ = {isa = PBXFileReference; lastKnownFileType = sourcecode.swift; path = Data.swift; sourceTree = "<group>"; };
		B30338F12A30D06300CEDD47 /* App.entitlements */ = {isa = PBXFileReference; lastKnownFileType = text.plist.entitlements; path = App.entitlements; sourceTree = "<group>"; };
		B30338F22A30D06300CEDD47 /* Info.plist */ = {isa = PBXFileReference; lastKnownFileType = text.plist.xml; path = Info.plist; sourceTree = "<group>"; };
		B30338F72A30D06300CEDD47 /* Tests.xctest */ = {isa = PBXFileReference; explicitFileType = wrapper.cfbundle; includeInIndex = 0; path = Tests.xctest; sourceTree = BUILT_PRODUCTS_DIR; };
		B30338FB2A30D06300CEDD47 /* WidgetSoundboardTests.swift */ = {isa = PBXFileReference; lastKnownFileType = sourcecode.swift; path = WidgetSoundboardTests.swift; sourceTree = "<group>"; };
		B30339012A30D06400CEDD47 /* UITests.xctest */ = {isa = PBXFileReference; explicitFileType = wrapper.cfbundle; includeInIndex = 0; path = UITests.xctest; sourceTree = BUILT_PRODUCTS_DIR; };
		B30339052A30D06400CEDD47 /* WidgetSoundboardUITests.swift */ = {isa = PBXFileReference; lastKnownFileType = sourcecode.swift; path = WidgetSoundboardUITests.swift; sourceTree = "<group>"; };
		B30339072A30D06400CEDD47 /* WidgetSoundboardUITestsLaunchTests.swift */ = {isa = PBXFileReference; lastKnownFileType = sourcecode.swift; path = WidgetSoundboardUITestsLaunchTests.swift; sourceTree = "<group>"; };
		B30339142A30D08100CEDD47 /* Intent.swift */ = {isa = PBXFileReference; lastKnownFileType = sourcecode.swift; path = Intent.swift; sourceTree = "<group>"; };
		B303391E2A30D25300CEDD47 /* WidgetKit.framework */ = {isa = PBXFileReference; lastKnownFileType = wrapper.framework; name = WidgetKit.framework; path = System/Library/Frameworks/WidgetKit.framework; sourceTree = SDKROOT; };
		B30339202A30D25300CEDD47 /* SwiftUI.framework */ = {isa = PBXFileReference; lastKnownFileType = wrapper.framework; name = SwiftUI.framework; path = System/Library/Frameworks/SwiftUI.framework; sourceTree = SDKROOT; };
		B303393A2A30D34D00CEDD47 /* Widget.appex */ = {isa = PBXFileReference; explicitFileType = "wrapper.app-extension"; includeInIndex = 0; path = Widget.appex; sourceTree = BUILT_PRODUCTS_DIR; };
		B303393E2A30D34D00CEDD47 /* WidgetBundle.swift */ = {isa = PBXFileReference; lastKnownFileType = sourcecode.swift; path = WidgetBundle.swift; sourceTree = "<group>"; };
		B30339422A30D34D00CEDD47 /* View.swift */ = {isa = PBXFileReference; lastKnownFileType = sourcecode.swift; path = View.swift; sourceTree = "<group>"; };
		B30339442A30D34D00CEDD47 /* ConfigurationIntent.swift */ = {isa = PBXFileReference; lastKnownFileType = sourcecode.swift; path = ConfigurationIntent.swift; sourceTree = "<group>"; };
		B30339462A30D34D00CEDD47 /* Assets.xcassets */ = {isa = PBXFileReference; lastKnownFileType = folder.assetcatalog; path = Assets.xcassets; sourceTree = "<group>"; };
		B30339482A30D34D00CEDD47 /* Info.plist */ = {isa = PBXFileReference; lastKnownFileType = text.plist.xml; path = Info.plist; sourceTree = "<group>"; };
		B303395A2A32B43600CEDD47 /* Widget.entitlements */ = {isa = PBXFileReference; lastKnownFileType = text.plist.entitlements; path = Widget.entitlements; sourceTree = "<group>"; };
		B30FD83C2A6E5A1800990160 /* ColorRow.swift */ = {isa = PBXFileReference; lastKnownFileType = sourcecode.swift; path = ColorRow.swift; sourceTree = "<group>"; };
		B30FD8412A6E637B00990160 /* RecordingButton.swift */ = {isa = PBXFileReference; lastKnownFileType = sourcecode.swift; path = RecordingButton.swift; sourceTree = "<group>"; };
		B30FD8432A6E7DEB00990160 /* WaveformView.swift */ = {isa = PBXFileReference; lastKnownFileType = sourcecode.swift; path = WaveformView.swift; sourceTree = "<group>"; };
		B30FD8452A6E8A1800990160 /* WaveformAnalyzer.swift */ = {isa = PBXFileReference; fileEncoding = 4; lastKnownFileType = sourcecode.swift; path = WaveformAnalyzer.swift; sourceTree = "<group>"; };
		B30FD8472A6E8AB100990160 /* TempiFFT.swift */ = {isa = PBXFileReference; fileEncoding = 4; lastKnownFileType = sourcecode.swift; path = TempiFFT.swift; sourceTree = "<group>"; };
		B321932F2A3FAD0C0050B011 /* EditorView.swift */ = {isa = PBXFileReference; lastKnownFileType = sourcecode.swift; path = EditorView.swift; sourceTree = "<group>"; };
		B32BF3432A38E7D3005BFA59 /* Alignment.swift */ = {isa = PBXFileReference; fileEncoding = 4; lastKnownFileType = sourcecode.swift; path = Alignment.swift; sourceTree = "<group>"; };
		B32BF35D2A39891E005BFA59 /* AsyncButton.swift */ = {isa = PBXFileReference; fileEncoding = 4; lastKnownFileType = sourcecode.swift; path = AsyncButton.swift; sourceTree = "<group>"; };
		B34040262A398F1800A1D23E /* Color.swift */ = {isa = PBXFileReference; lastKnownFileType = sourcecode.swift; path = Color.swift; sourceTree = "<group>"; };
		B34C782E2A8F7AAE009A8BAA /* BoardEditor.swift */ = {isa = PBXFileReference; lastKnownFileType = sourcecode.swift; path = BoardEditor.swift; sourceTree = "<group>"; };
		B34C78302A8F8463009A8BAA /* Modify.swift */ = {isa = PBXFileReference; lastKnownFileType = sourcecode.swift; path = Modify.swift; sourceTree = "<group>"; };
		B34C78322A8FAE09009A8BAA /* BoardView.swift */ = {isa = PBXFileReference; lastKnownFileType = sourcecode.swift; path = BoardView.swift; sourceTree = "<group>"; };
		B34C78342A8FAE52009A8BAA /* AddSoundView.swift */ = {isa = PBXFileReference; lastKnownFileType = sourcecode.swift; path = AddSoundView.swift; sourceTree = "<group>"; };
		B34C78362A8FB1CF009A8BAA /* SoundButton.swift */ = {isa = PBXFileReference; lastKnownFileType = sourcecode.swift; path = SoundButton.swift; sourceTree = "<group>"; };
		B34C78382A8FB262009A8BAA /* BoardButton.swift */ = {isa = PBXFileReference; lastKnownFileType = sourcecode.swift; path = BoardButton.swift; sourceTree = "<group>"; };
		B34C783A2A8FBE10009A8BAA /* SoundEntity.swift */ = {isa = PBXFileReference; lastKnownFileType = sourcecode.swift; path = SoundEntity.swift; sourceTree = "<group>"; };
		B34C783D2A8FBE44009A8BAA /* ConcurrentQueue.swift */ = {isa = PBXFileReference; lastKnownFileType = sourcecode.swift; path = ConcurrentQueue.swift; sourceTree = "<group>"; };
		B34C783F2A8FBE5F009A8BAA /* BoardEntity.swift */ = {isa = PBXFileReference; lastKnownFileType = sourcecode.swift; path = BoardEntity.swift; sourceTree = "<group>"; };
		B3A8FD412A70FD9400357001 /* AudioBooster.swift */ = {isa = PBXFileReference; lastKnownFileType = sourcecode.swift; path = AudioBooster.swift; sourceTree = "<group>"; };
		B3A8FD432A71000500357001 /* AudioPlayer.swift */ = {isa = PBXFileReference; lastKnownFileType = sourcecode.swift; path = AudioPlayer.swift; sourceTree = "<group>"; };
		B3D270F62A92088D007D05A9 /* Fuse.swift */ = {isa = PBXFileReference; fileEncoding = 4; lastKnownFileType = sourcecode.swift; path = Fuse.swift; sourceTree = "<group>"; };
		B3D3BE152A9B416400D7C077 /* Timeline.swift */ = {isa = PBXFileReference; lastKnownFileType = sourcecode.swift; path = Timeline.swift; sourceTree = "<group>"; };
		B3D3BE172A9B420100D7C077 /* Widget.swift */ = {isa = PBXFileReference; lastKnownFileType = sourcecode.swift; path = Widget.swift; sourceTree = "<group>"; };
		B3D6E0082AA09A8C0078A6A9 /* GalleryView.swift */ = {isa = PBXFileReference; lastKnownFileType = sourcecode.swift; path = GalleryView.swift; sourceTree = "<group>"; };
		B3D6E0392AA0CCA60078A6A9 /* FadeBackground.swift */ = {isa = PBXFileReference; fileEncoding = 4; lastKnownFileType = sourcecode.swift; path = FadeBackground.swift; sourceTree = "<group>"; };
		B3D6E03B2AA0E34B0078A6A9 /* Gallery */ = {isa = PBXFileReference; lastKnownFileType = folder; path = Gallery; sourceTree = "<group>"; };
		B3D6E03F2AA0E91F0078A6A9 /* preview-toy.mp3 */ = {isa = PBXFileReference; lastKnownFileType = audio.mp3; path = "preview-toy.mp3"; sourceTree = "<group>"; };
		B3D6E0412AA0E92F0078A6A9 /* preview-silly.mp3 */ = {isa = PBXFileReference; lastKnownFileType = audio.mp3; path = "preview-silly.mp3"; sourceTree = "<group>"; };
		B3D6E0422AA0E92F0078A6A9 /* preview-toilet.mp3 */ = {isa = PBXFileReference; lastKnownFileType = audio.mp3; path = "preview-toilet.mp3"; sourceTree = "<group>"; };
		B3D6E0472AA0F0D20078A6A9 /* GalleryBoard.swift */ = {isa = PBXFileReference; lastKnownFileType = sourcecode.swift; path = GalleryBoard.swift; sourceTree = "<group>"; };
		B3D6E0492AA0F0EF0078A6A9 /* GallerySound.swift */ = {isa = PBXFileReference; lastKnownFileType = sourcecode.swift; path = GallerySound.swift; sourceTree = "<group>"; };
		B3DD59DC2A6B070500314F4E /* AudioRecorder.swift */ = {isa = PBXFileReference; lastKnownFileType = sourcecode.swift; path = AudioRecorder.swift; sourceTree = "<group>"; };
		B3EF669C2AAA23B2008FF8A6 /* IntentRunner.swift */ = {isa = PBXFileReference; lastKnownFileType = sourcecode.swift; path = IntentRunner.swift; sourceTree = "<group>"; };
		B3EF669E2AAA2484008FF8A6 /* IntentRunner.swift */ = {isa = PBXFileReference; lastKnownFileType = sourcecode.swift; path = IntentRunner.swift; sourceTree = "<group>"; };
/* End PBXFileReference section */

/* Begin PBXFrameworksBuildPhase section */
		B30338E02A30D06300CEDD47 /* Frameworks */ = {
			isa = PBXFrameworksBuildPhase;
			buildActionMask = 2147483647;
			files = (
				B32BF35A2A393596005BFA59 /* Defaults in Frameworks */,
				B3DD59DB2A6B046400314F4E /* SwiftUIReorderableForEach in Frameworks */,
				B30FD8402A6E628100990160 /* MCEmojiPicker in Frameworks */,
			);
			runOnlyForDeploymentPostprocessing = 0;
		};
		B30338F42A30D06300CEDD47 /* Frameworks */ = {
			isa = PBXFrameworksBuildPhase;
			buildActionMask = 2147483647;
			files = (
			);
			runOnlyForDeploymentPostprocessing = 0;
		};
		B30338FE2A30D06400CEDD47 /* Frameworks */ = {
			isa = PBXFrameworksBuildPhase;
			buildActionMask = 2147483647;
			files = (
			);
			runOnlyForDeploymentPostprocessing = 0;
		};
		B30339372A30D34D00CEDD47 /* Frameworks */ = {
			isa = PBXFrameworksBuildPhase;
			buildActionMask = 2147483647;
			files = (
				B32BF35C2A3935BA005BFA59 /* Defaults in Frameworks */,
				B303393C2A30D34D00CEDD47 /* SwiftUI.framework in Frameworks */,
				B303393B2A30D34D00CEDD47 /* WidgetKit.framework in Frameworks */,
			);
			runOnlyForDeploymentPostprocessing = 0;
		};
/* End PBXFrameworksBuildPhase section */

/* Begin PBXGroup section */
		B30338DA2A30D06300CEDD47 = {
			isa = PBXGroup;
			children = (
				B3D3BE0F2A9B401400D7C077 /* Shared */,
				B30338E52A30D06300CEDD47 /* App */,
				B303393D2A30D34D00CEDD47 /* Widget */,
				B30338FA2A30D06300CEDD47 /* Tests */,
				B30339042A30D06400CEDD47 /* UITests */,
				B303391D2A30D25300CEDD47 /* Frameworks */,
				B30338E42A30D06300CEDD47 /* Products */,
			);
			sourceTree = "<group>";
		};
		B30338E42A30D06300CEDD47 /* Products */ = {
			isa = PBXGroup;
			children = (
				B30338E32A30D06300CEDD47 /* App.app */,
				B30338F72A30D06300CEDD47 /* Tests.xctest */,
				B30339012A30D06400CEDD47 /* UITests.xctest */,
				B303393A2A30D34D00CEDD47 /* Widget.appex */,
			);
			name = Products;
			sourceTree = "<group>";
		};
		B30338E52A30D06300CEDD47 /* App */ = {
			isa = PBXGroup;
			children = (
				B30338E62A30D06300CEDD47 /* App.swift */,
				B3EF669C2AAA23B2008FF8A6 /* IntentRunner.swift */,
				B3D3BE142A9B414100D7C077 /* Views */,
				B3D3BE132A9B413700D7C077 /* Elements */,
				B3D6E0462AA0F0BE0078A6A9 /* Data */,
				B3D3BE122A9B40F700D7C077 /* Audio */,
				B321932E2A3FACAD0050B011 /* Helper */,
				B3D6E03B2AA0E34B0078A6A9 /* Gallery */,
				B30338EA2A30D06300CEDD47 /* Assets.xcassets */,
				B30338F12A30D06300CEDD47 /* App.entitlements */,
				B30338F22A30D06300CEDD47 /* Info.plist */,
				B30338EC2A30D06300CEDD47 /* Preview Content */,
			);
			path = App;
			sourceTree = "<group>";
		};
		B30338EC2A30D06300CEDD47 /* Preview Content */ = {
			isa = PBXGroup;
			children = (
				B3D6E03F2AA0E91F0078A6A9 /* preview-toy.mp3 */,
				B3D6E0412AA0E92F0078A6A9 /* preview-silly.mp3 */,
				B3D6E0422AA0E92F0078A6A9 /* preview-toilet.mp3 */,
				B30338ED2A30D06300CEDD47 /* Preview Assets.xcassets */,
			);
			path = "Preview Content";
			sourceTree = "<group>";
		};
		B30338FA2A30D06300CEDD47 /* Tests */ = {
			isa = PBXGroup;
			children = (
				B30338FB2A30D06300CEDD47 /* WidgetSoundboardTests.swift */,
			);
			path = Tests;
			sourceTree = "<group>";
		};
		B30339042A30D06400CEDD47 /* UITests */ = {
			isa = PBXGroup;
			children = (
				B30339052A30D06400CEDD47 /* WidgetSoundboardUITests.swift */,
				B30339072A30D06400CEDD47 /* WidgetSoundboardUITestsLaunchTests.swift */,
			);
			path = UITests;
			sourceTree = "<group>";
		};
		B303391D2A30D25300CEDD47 /* Frameworks */ = {
			isa = PBXGroup;
			children = (
				B303391E2A30D25300CEDD47 /* WidgetKit.framework */,
				B30339202A30D25300CEDD47 /* SwiftUI.framework */,
			);
			name = Frameworks;
			sourceTree = "<group>";
		};
		B303393D2A30D34D00CEDD47 /* Widget */ = {
			isa = PBXGroup;
			children = (
				B303393E2A30D34D00CEDD47 /* WidgetBundle.swift */,
				B3D3BE172A9B420100D7C077 /* Widget.swift */,
				B30339422A30D34D00CEDD47 /* View.swift */,
				B3D3BE152A9B416400D7C077 /* Timeline.swift */,
				B30339442A30D34D00CEDD47 /* ConfigurationIntent.swift */,
				B3EF669E2AAA2484008FF8A6 /* IntentRunner.swift */,
				B30339462A30D34D00CEDD47 /* Assets.xcassets */,
				B303395A2A32B43600CEDD47 /* Widget.entitlements */,
				B30339482A30D34D00CEDD47 /* Info.plist */,
			);
			path = Widget;
			sourceTree = "<group>";
		};
		B321932D2A3FAC880050B011 /* Assets */ = {
			isa = PBXGroup;
			children = (
			);
			path = Assets;
			sourceTree = "<group>";
		};
		B321932E2A3FACAD0050B011 /* Helper */ = {
			isa = PBXGroup;
			children = (
				36F4FE492D6C8E7700018421 /* DebounceBinding.swift */,
				B3D6E0392AA0CCA60078A6A9 /* FadeBackground.swift */,
				B3D270F62A92088D007D05A9 /* Fuse.swift */,
				B34C78302A8F8463009A8BAA /* Modify.swift */,
			);
			path = Helper;
			sourceTree = "<group>";
		};
		B3D3BE0F2A9B401400D7C077 /* Shared */ = {
			isa = PBXGroup;
			children = (
				B30338EF2A30D06300CEDD47 /* Data.swift */,
				B3D3BE112A9B408D00D7C077 /* AppIntent */,
				B3D3BE102A9B403B00D7C077 /* Helper */,
				B321932D2A3FAC880050B011 /* Assets */,
			);
			path = Shared;
			sourceTree = "<group>";
		};
		B3D3BE102A9B403B00D7C077 /* Helper */ = {
			isa = PBXGroup;
			children = (
				B34C783D2A8FBE44009A8BAA /* ConcurrentQueue.swift */,
				B32BF3432A38E7D3005BFA59 /* Alignment.swift */,
				B32BF35D2A39891E005BFA59 /* AsyncButton.swift */,
				B34040262A398F1800A1D23E /* Color.swift */,
			);
			path = Helper;
			sourceTree = "<group>";
		};
		B3D3BE112A9B408D00D7C077 /* AppIntent */ = {
			isa = PBXGroup;
			children = (
				B30339142A30D08100CEDD47 /* Intent.swift */,
				B34C783A2A8FBE10009A8BAA /* SoundEntity.swift */,
				B34C783F2A8FBE5F009A8BAA /* BoardEntity.swift */,
			);
			path = AppIntent;
			sourceTree = "<group>";
		};
		B3D3BE122A9B40F700D7C077 /* Audio */ = {
			isa = PBXGroup;
			children = (
				B3A8FD432A71000500357001 /* AudioPlayer.swift */,
				B3DD59DC2A6B070500314F4E /* AudioRecorder.swift */,
				B3A8FD412A70FD9400357001 /* AudioBooster.swift */,
				B30FD8452A6E8A1800990160 /* WaveformAnalyzer.swift */,
				B30FD8472A6E8AB100990160 /* TempiFFT.swift */,
			);
			path = Audio;
			sourceTree = "<group>";
		};
		B3D3BE132A9B413700D7C077 /* Elements */ = {
			isa = PBXGroup;
			children = (
				3668524A2D68837100082787 /* ColorPalette.swift */,
				B34C78382A8FB262009A8BAA /* BoardButton.swift */,
				B34C78362A8FB1CF009A8BAA /* SoundButton.swift */,
				B30FD8412A6E637B00990160 /* RecordingButton.swift */,
				B30FD83C2A6E5A1800990160 /* ColorRow.swift */,
				B30FD8432A6E7DEB00990160 /* WaveformView.swift */,
			);
			path = Elements;
			sourceTree = "<group>";
		};
		B3D3BE142A9B414100D7C077 /* Views */ = {
			isa = PBXGroup;
			children = (
				B30338E82A30D06300CEDD47 /* MainView.swift */,
				B34C78322A8FAE09009A8BAA /* BoardView.swift */,
				B3D6E0082AA09A8C0078A6A9 /* GalleryView.swift */,
				B321932F2A3FAD0C0050B011 /* EditorView.swift */,
				B34C78342A8FAE52009A8BAA /* AddSoundView.swift */,
				B34C782E2A8F7AAE009A8BAA /* BoardEditor.swift */,
			);
			path = Views;
			sourceTree = "<group>";
		};
		B3D6E0462AA0F0BE0078A6A9 /* Data */ = {
			isa = PBXGroup;
			children = (
				B3D6E0472AA0F0D20078A6A9 /* GalleryBoard.swift */,
				B3D6E0492AA0F0EF0078A6A9 /* GallerySound.swift */,
			);
			path = Data;
			sourceTree = "<group>";
		};
/* End PBXGroup section */

/* Begin PBXNativeTarget section */
		B30338E22A30D06300CEDD47 /* App */ = {
			isa = PBXNativeTarget;
			buildConfigurationList = B303390B2A30D06400CEDD47 /* Build configuration list for PBXNativeTarget "App" */;
			buildPhases = (
				B30338DF2A30D06300CEDD47 /* Sources */,
				B30338E02A30D06300CEDD47 /* Frameworks */,
				B30338E12A30D06300CEDD47 /* Resources */,
				B30339342A30D25500CEDD47 /* Embed Foundation Extensions */,
				B303396F2A34248E00CEDD47 /* Embed ExtensionKit Extensions */,
			);
			buildRules = (
			);
			dependencies = (
				B303394A2A30D34D00CEDD47 /* PBXTargetDependency */,
			);
			name = App;
			packageProductDependencies = (
				B32BF3592A393596005BFA59 /* Defaults */,
				B3DD59DA2A6B046400314F4E /* SwiftUIReorderableForEach */,
				B30FD83F2A6E628100990160 /* MCEmojiPicker */,
			);
			productName = WidgetSoundboard;
			productReference = B30338E32A30D06300CEDD47 /* App.app */;
			productType = "com.apple.product-type.application";
		};
		B30338F62A30D06300CEDD47 /* Tests */ = {
			isa = PBXNativeTarget;
			buildConfigurationList = B303390E2A30D06400CEDD47 /* Build configuration list for PBXNativeTarget "Tests" */;
			buildPhases = (
				B30338F32A30D06300CEDD47 /* Sources */,
				B30338F42A30D06300CEDD47 /* Frameworks */,
				B30338F52A30D06300CEDD47 /* Resources */,
			);
			buildRules = (
			);
			dependencies = (
				B30338F92A30D06300CEDD47 /* PBXTargetDependency */,
			);
			name = Tests;
			productName = WidgetSoundboardTests;
			productReference = B30338F72A30D06300CEDD47 /* Tests.xctest */;
			productType = "com.apple.product-type.bundle.unit-test";
		};
		B30339002A30D06400CEDD47 /* UITests */ = {
			isa = PBXNativeTarget;
			buildConfigurationList = B30339112A30D06400CEDD47 /* Build configuration list for PBXNativeTarget "UITests" */;
			buildPhases = (
				B30338FD2A30D06400CEDD47 /* Sources */,
				B30338FE2A30D06400CEDD47 /* Frameworks */,
				B30338FF2A30D06400CEDD47 /* Resources */,
			);
			buildRules = (
			);
			dependencies = (
				B30339032A30D06400CEDD47 /* PBXTargetDependency */,
			);
			name = UITests;
			productName = WidgetSoundboardUITests;
			productReference = B30339012A30D06400CEDD47 /* UITests.xctest */;
			productType = "com.apple.product-type.bundle.ui-testing";
		};
		B30339392A30D34D00CEDD47 /* Widget */ = {
			isa = PBXNativeTarget;
			buildConfigurationList = B303394C2A30D34D00CEDD47 /* Build configuration list for PBXNativeTarget "Widget" */;
			buildPhases = (
				B30339362A30D34D00CEDD47 /* Sources */,
				B30339372A30D34D00CEDD47 /* Frameworks */,
				B30339382A30D34D00CEDD47 /* Resources */,
			);
			buildRules = (
			);
			dependencies = (
			);
			name = Widget;
			packageProductDependencies = (
				B32BF35B2A3935BA005BFA59 /* Defaults */,
			);
			productName = SoundWidgetExtension;
			productReference = B303393A2A30D34D00CEDD47 /* Widget.appex */;
			productType = "com.apple.product-type.app-extension";
		};
/* End PBXNativeTarget section */

/* Begin PBXProject section */
		B30338DB2A30D06300CEDD47 /* Project object */ = {
			isa = PBXProject;
			attributes = {
				BuildIndependentTargetsInParallel = 1;
				LastSwiftUpdateCheck = 1500;
				LastUpgradeCheck = 1500;
				TargetAttributes = {
					B30338E22A30D06300CEDD47 = {
						CreatedOnToolsVersion = 15.0;
					};
					B30338F62A30D06300CEDD47 = {
						CreatedOnToolsVersion = 15.0;
						TestTargetID = B30338E22A30D06300CEDD47;
					};
					B30339002A30D06400CEDD47 = {
						CreatedOnToolsVersion = 15.0;
						TestTargetID = B30338E22A30D06300CEDD47;
					};
					B30339392A30D34D00CEDD47 = {
						CreatedOnToolsVersion = 15.0;
					};
				};
			};
			buildConfigurationList = B30338DE2A30D06300CEDD47 /* Build configuration list for PBXProject "Klang" */;
			compatibilityVersion = "Xcode 14.0";
			developmentRegion = en;
			hasScannedForEncodings = 0;
			knownRegions = (
				en,
				Base,
			);
			mainGroup = B30338DA2A30D06300CEDD47;
			packageReferences = (
				B32BF3582A393596005BFA59 /* XCRemoteSwiftPackageReference "Defaults" */,
				B3DD59D92A6B046400314F4E /* XCRemoteSwiftPackageReference "swiftui-reorderable-foreach" */,
				B30FD83E2A6E628100990160 /* XCRemoteSwiftPackageReference "MCEmojiPicker" */,
			);
			productRefGroup = B30338E42A30D06300CEDD47 /* Products */;
			projectDirPath = "";
			projectRoot = "";
			targets = (
				B30338E22A30D06300CEDD47 /* App */,
				B30339392A30D34D00CEDD47 /* Widget */,
				B30338F62A30D06300CEDD47 /* Tests */,
				B30339002A30D06400CEDD47 /* UITests */,
			);
		};
/* End PBXProject section */

/* Begin PBXResourcesBuildPhase section */
		B30338E12A30D06300CEDD47 /* Resources */ = {
			isa = PBXResourcesBuildPhase;
			buildActionMask = 2147483647;
			files = (
				B30338EE2A30D06300CEDD47 /* Preview Assets.xcassets in Resources */,
				B3D6E0442AA0E9300078A6A9 /* preview-toilet.mp3 in Resources */,
				B3D6E0402AA0E91F0078A6A9 /* preview-toy.mp3 in Resources */,
				B3D6E0432AA0E9300078A6A9 /* preview-silly.mp3 in Resources */,
				B3D6E03C2AA0E34B0078A6A9 /* Gallery in Resources */,
				B30338EB2A30D06300CEDD47 /* Assets.xcassets in Resources */,
			);
			runOnlyForDeploymentPostprocessing = 0;
		};
		B30338F52A30D06300CEDD47 /* Resources */ = {
			isa = PBXResourcesBuildPhase;
			buildActionMask = 2147483647;
			files = (
			);
			runOnlyForDeploymentPostprocessing = 0;
		};
		B30338FF2A30D06400CEDD47 /* Resources */ = {
			isa = PBXResourcesBuildPhase;
			buildActionMask = 2147483647;
			files = (
			);
			runOnlyForDeploymentPostprocessing = 0;
		};
		B30339382A30D34D00CEDD47 /* Resources */ = {
			isa = PBXResourcesBuildPhase;
			buildActionMask = 2147483647;
			files = (
				B3D6E0452AA0E9CD0078A6A9 /* preview-toy.mp3 in Resources */,
				B30339472A30D34D00CEDD47 /* Assets.xcassets in Resources */,
			);
			runOnlyForDeploymentPostprocessing = 0;
		};
/* End PBXResourcesBuildPhase section */

/* Begin PBXSourcesBuildPhase section */
		B30338DF2A30D06300CEDD47 /* Sources */ = {
			isa = PBXSourcesBuildPhase;
			buildActionMask = 2147483647;
			files = (
				B34C78402A8FBE5F009A8BAA /* BoardEntity.swift in Sources */,
				B34C782F2A8F7AAE009A8BAA /* BoardEditor.swift in Sources */,
				B34C78372A8FB1CF009A8BAA /* SoundButton.swift in Sources */,
				B3D270F72A92088D007D05A9 /* Fuse.swift in Sources */,
				B34C78312A8F8463009A8BAA /* Modify.swift in Sources */,
				B3D6E04A2AA0F0EF0078A6A9 /* GallerySound.swift in Sources */,
				B30FD83D2A6E5A1800990160 /* ColorRow.swift in Sources */,
				B30338E92A30D06300CEDD47 /* MainView.swift in Sources */,
				B3D6E0092AA09A8C0078A6A9 /* GalleryView.swift in Sources */,
				B32BF3442A38E7D3005BFA59 /* Alignment.swift in Sources */,
				B30339152A30D08100CEDD47 /* Intent.swift in Sources */,
				B30338F02A30D06300CEDD47 /* Data.swift in Sources */,
				B32BF35E2A39891F005BFA59 /* AsyncButton.swift in Sources */,
				B30FD8462A6E8A1800990160 /* WaveformAnalyzer.swift in Sources */,
				B3A8FD422A70FD9400357001 /* AudioBooster.swift in Sources */,
				B30FD8482A6E8AB100990160 /* TempiFFT.swift in Sources */,
				B34C78392A8FB262009A8BAA /* BoardButton.swift in Sources */,
				B32193302A3FAD0C0050B011 /* EditorView.swift in Sources */,
				3668524B2D68837300082787 /* ColorPalette.swift in Sources */,
				B3D6E03A2AA0CCA60078A6A9 /* FadeBackground.swift in Sources */,
				B3DD59DD2A6B070500314F4E /* AudioRecorder.swift in Sources */,
				B34C783B2A8FBE10009A8BAA /* SoundEntity.swift in Sources */,
				36F4FE4A2D6C8E7E00018421 /* DebounceBinding.swift in Sources */,
				B3A8FD442A71000500357001 /* AudioPlayer.swift in Sources */,
				B30FD8442A6E7DEB00990160 /* WaveformView.swift in Sources */,
				B34C78332A8FAE09009A8BAA /* BoardView.swift in Sources */,
				B3D6E0482AA0F0D20078A6A9 /* GalleryBoard.swift in Sources */,
				B3EF669D2AAA23B2008FF8A6 /* IntentRunner.swift in Sources */,
				B34C783E2A8FBE44009A8BAA /* ConcurrentQueue.swift in Sources */,
				B34C78432A8FCE8C009A8BAA /* ConfigurationIntent.swift in Sources */,
				B30FD8422A6E637B00990160 /* RecordingButton.swift in Sources */,
				B30338E72A30D06300CEDD47 /* App.swift in Sources */,
				B34C78352A8FAE52009A8BAA /* AddSoundView.swift in Sources */,
				B34040272A398F1800A1D23E /* Color.swift in Sources */,
			);
			runOnlyForDeploymentPostprocessing = 0;
		};
		B30338F32A30D06300CEDD47 /* Sources */ = {
			isa = PBXSourcesBuildPhase;
			buildActionMask = 2147483647;
			files = (
				B30338FC2A30D06300CEDD47 /* WidgetSoundboardTests.swift in Sources */,
			);
			runOnlyForDeploymentPostprocessing = 0;
		};
		B30338FD2A30D06400CEDD47 /* Sources */ = {
			isa = PBXSourcesBuildPhase;
			buildActionMask = 2147483647;
			files = (
				B30339062A30D06400CEDD47 /* WidgetSoundboardUITests.swift in Sources */,
				B30339082A30D06400CEDD47 /* WidgetSoundboardUITestsLaunchTests.swift in Sources */,
			);
			runOnlyForDeploymentPostprocessing = 0;
		};
		B30339362A30D34D00CEDD47 /* Sources */ = {
			isa = PBXSourcesBuildPhase;
			buildActionMask = 2147483647;
			files = (
				B30339432A30D34D00CEDD47 /* View.swift in Sources */,
				B34C78422A8FBFC8009A8BAA /* BoardEntity.swift in Sources */,
				B34040282A398F1800A1D23E /* Color.swift in Sources */,
				B303394F2A30D39C00CEDD47 /* Intent.swift in Sources */,
				B32BF3452A38E7D3005BFA59 /* Alignment.swift in Sources */,
				3668524C2D6883CC00082787 /* ColorPalette.swift in Sources */,
				B3EF669F2AAA2484008FF8A6 /* IntentRunner.swift in Sources */,
				B30339452A30D34D00CEDD47 /* ConfigurationIntent.swift in Sources */,
				B32BF35F2A39891F005BFA59 /* AsyncButton.swift in Sources */,
				B34C783C2A8FBE26009A8BAA /* SoundEntity.swift in Sources */,
				B34C78412A8FBFB9009A8BAA /* ConcurrentQueue.swift in Sources */,
				B3D3BE162A9B416400D7C077 /* Timeline.swift in Sources */,
				B303393F2A30D34D00CEDD47 /* WidgetBundle.swift in Sources */,
				B32BF3462A38F3F1005BFA59 /* Data.swift in Sources */,
				B3D3BE182A9B420100D7C077 /* Widget.swift in Sources */,
			);
			runOnlyForDeploymentPostprocessing = 0;
		};
/* End PBXSourcesBuildPhase section */

/* Begin PBXTargetDependency section */
		B30338F92A30D06300CEDD47 /* PBXTargetDependency */ = {
			isa = PBXTargetDependency;
			target = B30338E22A30D06300CEDD47 /* App */;
			targetProxy = B30338F82A30D06300CEDD47 /* PBXContainerItemProxy */;
		};
		B30339032A30D06400CEDD47 /* PBXTargetDependency */ = {
			isa = PBXTargetDependency;
			target = B30338E22A30D06300CEDD47 /* App */;
			targetProxy = B30339022A30D06400CEDD47 /* PBXContainerItemProxy */;
		};
		B303394A2A30D34D00CEDD47 /* PBXTargetDependency */ = {
			isa = PBXTargetDependency;
			target = B30339392A30D34D00CEDD47 /* Widget */;
			targetProxy = B30339492A30D34D00CEDD47 /* PBXContainerItemProxy */;
		};
/* End PBXTargetDependency section */

/* Begin XCBuildConfiguration section */
		B30339092A30D06400CEDD47 /* Debug */ = {
			isa = XCBuildConfiguration;
			buildSettings = {
				ALWAYS_SEARCH_USER_PATHS = NO;
				ASSETCATALOG_COMPILER_GENERATE_SWIFT_ASSET_SYMBOL_EXTENSIONS = YES;
				CLANG_ANALYZER_NONNULL = YES;
				CLANG_ANALYZER_NUMBER_OBJECT_CONVERSION = YES_AGGRESSIVE;
				CLANG_CXX_LANGUAGE_STANDARD = "gnu++20";
				CLANG_ENABLE_MODULES = YES;
				CLANG_ENABLE_OBJC_ARC = YES;
				CLANG_ENABLE_OBJC_WEAK = YES;
				CLANG_WARN_BLOCK_CAPTURE_AUTORELEASING = YES;
				CLANG_WARN_BOOL_CONVERSION = YES;
				CLANG_WARN_COMMA = YES;
				CLANG_WARN_CONSTANT_CONVERSION = YES;
				CLANG_WARN_DEPRECATED_OBJC_IMPLEMENTATIONS = YES;
				CLANG_WARN_DIRECT_OBJC_ISA_USAGE = YES_ERROR;
				CLANG_WARN_DOCUMENTATION_COMMENTS = YES;
				CLANG_WARN_EMPTY_BODY = YES;
				CLANG_WARN_ENUM_CONVERSION = YES;
				CLANG_WARN_INFINITE_RECURSION = YES;
				CLANG_WARN_INT_CONVERSION = YES;
				CLANG_WARN_NON_LITERAL_NULL_CONVERSION = YES;
				CLANG_WARN_OBJC_IMPLICIT_RETAIN_SELF = YES;
				CLANG_WARN_OBJC_LITERAL_CONVERSION = YES;
				CLANG_WARN_OBJC_ROOT_CLASS = YES_ERROR;
				CLANG_WARN_QUOTED_INCLUDE_IN_FRAMEWORK_HEADER = YES;
				CLANG_WARN_RANGE_LOOP_ANALYSIS = YES;
				CLANG_WARN_STRICT_PROTOTYPES = YES;
				CLANG_WARN_SUSPICIOUS_MOVE = YES;
				CLANG_WARN_UNGUARDED_AVAILABILITY = YES_AGGRESSIVE;
				CLANG_WARN_UNREACHABLE_CODE = YES;
				CLANG_WARN__DUPLICATE_METHOD_MATCH = YES;
				COPY_PHASE_STRIP = NO;
				DEBUG_INFORMATION_FORMAT = dwarf;
				ENABLE_STRICT_OBJC_MSGSEND = YES;
				ENABLE_TESTABILITY = YES;
				ENABLE_USER_SCRIPT_SANDBOXING = YES;
				GCC_C_LANGUAGE_STANDARD = gnu17;
				GCC_DYNAMIC_NO_PIC = NO;
				GCC_NO_COMMON_BLOCKS = YES;
				GCC_OPTIMIZATION_LEVEL = 0;
				GCC_PREPROCESSOR_DEFINITIONS = (
					"DEBUG=1",
					"$(inherited)",
				);
				GCC_WARN_64_TO_32_BIT_CONVERSION = YES;
				GCC_WARN_ABOUT_RETURN_TYPE = YES_ERROR;
				GCC_WARN_UNDECLARED_SELECTOR = YES;
				GCC_WARN_UNINITIALIZED_AUTOS = YES_AGGRESSIVE;
				GCC_WARN_UNUSED_FUNCTION = YES;
				GCC_WARN_UNUSED_VARIABLE = YES;
				IPHONEOS_DEPLOYMENT_TARGET = 17.0;
				LOCALIZATION_PREFERS_STRING_CATALOGS = YES;
				MARKETING_VERSION = 1.0.1;
				MTL_ENABLE_DEBUG_INFO = INCLUDE_SOURCE;
				MTL_FAST_MATH = YES;
				ONLY_ACTIVE_ARCH = YES;
				SDKROOT = iphoneos;
				SWIFT_ACTIVE_COMPILATION_CONDITIONS = "DEBUG $(inherited)";
				SWIFT_OPTIMIZATION_LEVEL = "-Onone";
			};
			name = Debug;
		};
		B303390A2A30D06400CEDD47 /* Release */ = {
			isa = XCBuildConfiguration;
			buildSettings = {
				ALWAYS_SEARCH_USER_PATHS = NO;
				ASSETCATALOG_COMPILER_GENERATE_SWIFT_ASSET_SYMBOL_EXTENSIONS = YES;
				CLANG_ANALYZER_NONNULL = YES;
				CLANG_ANALYZER_NUMBER_OBJECT_CONVERSION = YES_AGGRESSIVE;
				CLANG_CXX_LANGUAGE_STANDARD = "gnu++20";
				CLANG_ENABLE_MODULES = YES;
				CLANG_ENABLE_OBJC_ARC = YES;
				CLANG_ENABLE_OBJC_WEAK = YES;
				CLANG_WARN_BLOCK_CAPTURE_AUTORELEASING = YES;
				CLANG_WARN_BOOL_CONVERSION = YES;
				CLANG_WARN_COMMA = YES;
				CLANG_WARN_CONSTANT_CONVERSION = YES;
				CLANG_WARN_DEPRECATED_OBJC_IMPLEMENTATIONS = YES;
				CLANG_WARN_DIRECT_OBJC_ISA_USAGE = YES_ERROR;
				CLANG_WARN_DOCUMENTATION_COMMENTS = YES;
				CLANG_WARN_EMPTY_BODY = YES;
				CLANG_WARN_ENUM_CONVERSION = YES;
				CLANG_WARN_INFINITE_RECURSION = YES;
				CLANG_WARN_INT_CONVERSION = YES;
				CLANG_WARN_NON_LITERAL_NULL_CONVERSION = YES;
				CLANG_WARN_OBJC_IMPLICIT_RETAIN_SELF = YES;
				CLANG_WARN_OBJC_LITERAL_CONVERSION = YES;
				CLANG_WARN_OBJC_ROOT_CLASS = YES_ERROR;
				CLANG_WARN_QUOTED_INCLUDE_IN_FRAMEWORK_HEADER = YES;
				CLANG_WARN_RANGE_LOOP_ANALYSIS = YES;
				CLANG_WARN_STRICT_PROTOTYPES = YES;
				CLANG_WARN_SUSPICIOUS_MOVE = YES;
				CLANG_WARN_UNGUARDED_AVAILABILITY = YES_AGGRESSIVE;
				CLANG_WARN_UNREACHABLE_CODE = YES;
				CLANG_WARN__DUPLICATE_METHOD_MATCH = YES;
				COPY_PHASE_STRIP = NO;
				DEBUG_INFORMATION_FORMAT = "dwarf-with-dsym";
				ENABLE_NS_ASSERTIONS = NO;
				ENABLE_STRICT_OBJC_MSGSEND = YES;
				ENABLE_USER_SCRIPT_SANDBOXING = YES;
				GCC_C_LANGUAGE_STANDARD = gnu17;
				GCC_NO_COMMON_BLOCKS = YES;
				GCC_WARN_64_TO_32_BIT_CONVERSION = YES;
				GCC_WARN_ABOUT_RETURN_TYPE = YES_ERROR;
				GCC_WARN_UNDECLARED_SELECTOR = YES;
				GCC_WARN_UNINITIALIZED_AUTOS = YES_AGGRESSIVE;
				GCC_WARN_UNUSED_FUNCTION = YES;
				GCC_WARN_UNUSED_VARIABLE = YES;
				IPHONEOS_DEPLOYMENT_TARGET = 17.0;
				LOCALIZATION_PREFERS_STRING_CATALOGS = YES;
				MARKETING_VERSION = 1.0.1;
				MTL_ENABLE_DEBUG_INFO = NO;
				MTL_FAST_MATH = YES;
				SDKROOT = iphoneos;
				SWIFT_COMPILATION_MODE = wholemodule;
				VALIDATE_PRODUCT = YES;
			};
			name = Release;
		};
		B303390C2A30D06400CEDD47 /* Debug */ = {
			isa = XCBuildConfiguration;
			buildSettings = {
				ALWAYS_EMBED_SWIFT_STANDARD_LIBRARIES = YES;
				ASSETCATALOG_COMPILER_APPICON_NAME = AppIcon;
				ASSETCATALOG_COMPILER_GLOBAL_ACCENT_COLOR_NAME = AccentColor;
				CODE_SIGN_ENTITLEMENTS = App/App.entitlements;
				CODE_SIGN_IDENTITY = "Apple Development";
				CODE_SIGN_STYLE = Automatic;
				CURRENT_PROJECT_VERSION = 1;
				DEVELOPMENT_ASSET_PATHS = "\"App/Preview Content\"";
				DEVELOPMENT_TEAM = P459Y32P65;
				ENABLE_PREVIEWS = YES;
				GENERATE_INFOPLIST_FILE = YES;
				INFOPLIST_FILE = App/Info.plist;
				INFOPLIST_KEY_CFBundleDisplayName = Klang;
				INFOPLIST_KEY_LSApplicationCategoryType = "public.app-category.music";
				INFOPLIST_KEY_NSMicrophoneUsageDescription = "Klang uses the microphone to record sounds, which you can later play from the widget.";
				INFOPLIST_KEY_NSPhotoLibraryUsageDescription = "Klang needs access to your photo library to import sounds from videos.";
				INFOPLIST_KEY_UIApplicationSceneManifest_Generation = YES;
				INFOPLIST_KEY_UIApplicationSupportsIndirectInputEvents = YES;
				INFOPLIST_KEY_UILaunchScreen_Generation = YES;
				INFOPLIST_KEY_UISupportedInterfaceOrientations_iPad = "UIInterfaceOrientationPortrait UIInterfaceOrientationPortraitUpsideDown UIInterfaceOrientationLandscapeLeft UIInterfaceOrientationLandscapeRight";
				INFOPLIST_KEY_UISupportedInterfaceOrientations_iPhone = "UIInterfaceOrientationPortrait UIInterfaceOrientationLandscapeLeft UIInterfaceOrientationLandscapeRight";
				LD_RUNPATH_SEARCH_PATHS = (
					"$(inherited)",
					"@executable_path/Frameworks",
				);
				PRODUCT_BUNDLE_IDENTIFIER = io.unorderly.klang;
				PRODUCT_NAME = "$(TARGET_NAME)";
				PROVISIONING_PROFILE_SPECIFIER = "";
				SWIFT_EMIT_LOC_STRINGS = YES;
				SWIFT_VERSION = 5.0;
				TARGETED_DEVICE_FAMILY = "1,2";
			};
			name = Debug;
		};
		B303390D2A30D06400CEDD47 /* Release */ = {
			isa = XCBuildConfiguration;
			buildSettings = {
				ALWAYS_EMBED_SWIFT_STANDARD_LIBRARIES = YES;
				ASSETCATALOG_COMPILER_APPICON_NAME = AppIcon;
				ASSETCATALOG_COMPILER_GLOBAL_ACCENT_COLOR_NAME = AccentColor;
				CODE_SIGN_ENTITLEMENTS = App/App.entitlements;
				CODE_SIGN_IDENTITY = "Apple Development";
				CODE_SIGN_STYLE = Automatic;
				CURRENT_PROJECT_VERSION = 1;
				DEVELOPMENT_ASSET_PATHS = "\"App/Preview Content\"";
				DEVELOPMENT_TEAM = P459Y32P65;
				ENABLE_PREVIEWS = YES;
				GENERATE_INFOPLIST_FILE = YES;
				INFOPLIST_FILE = App/Info.plist;
				INFOPLIST_KEY_CFBundleDisplayName = Klang;
				INFOPLIST_KEY_LSApplicationCategoryType = "public.app-category.music";
				INFOPLIST_KEY_NSMicrophoneUsageDescription = "Klang uses the microphone to record sounds, which you can later play from the widget.";
				INFOPLIST_KEY_NSPhotoLibraryUsageDescription = "Klang needs access to your photo library to import sounds from videos.";
				INFOPLIST_KEY_UIApplicationSceneManifest_Generation = YES;
				INFOPLIST_KEY_UIApplicationSupportsIndirectInputEvents = YES;
				INFOPLIST_KEY_UILaunchScreen_Generation = YES;
				INFOPLIST_KEY_UISupportedInterfaceOrientations_iPad = "UIInterfaceOrientationPortrait UIInterfaceOrientationPortraitUpsideDown UIInterfaceOrientationLandscapeLeft UIInterfaceOrientationLandscapeRight";
				INFOPLIST_KEY_UISupportedInterfaceOrientations_iPhone = "UIInterfaceOrientationPortrait UIInterfaceOrientationLandscapeLeft UIInterfaceOrientationLandscapeRight";
				LD_RUNPATH_SEARCH_PATHS = (
					"$(inherited)",
					"@executable_path/Frameworks",
				);
				PRODUCT_BUNDLE_IDENTIFIER = io.unorderly.klang;
				PRODUCT_NAME = "$(TARGET_NAME)";
				PROVISIONING_PROFILE_SPECIFIER = "";
				SWIFT_EMIT_LOC_STRINGS = YES;
				SWIFT_VERSION = 5.0;
				TARGETED_DEVICE_FAMILY = "1,2";
			};
			name = Release;
		};
		B303390F2A30D06400CEDD47 /* Debug */ = {
			isa = XCBuildConfiguration;
			buildSettings = {
				ALWAYS_EMBED_SWIFT_STANDARD_LIBRARIES = YES;
				BUNDLE_LOADER = "$(TEST_HOST)";
				CODE_SIGN_STYLE = Automatic;
				CURRENT_PROJECT_VERSION = 1;
				DEVELOPMENT_TEAM = P459Y32P65;
				GENERATE_INFOPLIST_FILE = YES;
				IPHONEOS_DEPLOYMENT_TARGET = 17.0;
				PRODUCT_BUNDLE_IDENTIFIER = io.unorderly.klang.tests;
				PRODUCT_NAME = "$(TARGET_NAME)";
				SWIFT_EMIT_LOC_STRINGS = NO;
				SWIFT_VERSION = 5.0;
				TARGETED_DEVICE_FAMILY = "1,2";
				TEST_HOST = "$(BUILT_PRODUCTS_DIR)/Klang.app/$(BUNDLE_EXECUTABLE_FOLDER_PATH)/Klang";
			};
			name = Debug;
		};
		B30339102A30D06400CEDD47 /* Release */ = {
			isa = XCBuildConfiguration;
			buildSettings = {
				ALWAYS_EMBED_SWIFT_STANDARD_LIBRARIES = YES;
				BUNDLE_LOADER = "$(TEST_HOST)";
				CODE_SIGN_STYLE = Automatic;
				CURRENT_PROJECT_VERSION = 1;
				DEVELOPMENT_TEAM = P459Y32P65;
				GENERATE_INFOPLIST_FILE = YES;
				IPHONEOS_DEPLOYMENT_TARGET = 17.0;
				PRODUCT_BUNDLE_IDENTIFIER = io.unorderly.klang.tests;
				PRODUCT_NAME = "$(TARGET_NAME)";
				SWIFT_EMIT_LOC_STRINGS = NO;
				SWIFT_VERSION = 5.0;
				TARGETED_DEVICE_FAMILY = "1,2";
				TEST_HOST = "$(BUILT_PRODUCTS_DIR)/Klang.app/$(BUNDLE_EXECUTABLE_FOLDER_PATH)/Klang";
			};
			name = Release;
		};
		B30339122A30D06400CEDD47 /* Debug */ = {
			isa = XCBuildConfiguration;
			buildSettings = {
				ALWAYS_EMBED_SWIFT_STANDARD_LIBRARIES = YES;
				CODE_SIGN_STYLE = Automatic;
				CURRENT_PROJECT_VERSION = 1;
				DEVELOPMENT_TEAM = P459Y32P65;
				GENERATE_INFOPLIST_FILE = YES;
				PRODUCT_BUNDLE_IDENTIFIER = io.unorderly.klang.uitests;
				PRODUCT_NAME = "$(TARGET_NAME)";
				SWIFT_EMIT_LOC_STRINGS = NO;
				SWIFT_VERSION = 5.0;
				TARGETED_DEVICE_FAMILY = "1,2";
			};
			name = Debug;
		};
		B30339132A30D06400CEDD47 /* Release */ = {
			isa = XCBuildConfiguration;
			buildSettings = {
				ALWAYS_EMBED_SWIFT_STANDARD_LIBRARIES = YES;
				CODE_SIGN_STYLE = Automatic;
				CURRENT_PROJECT_VERSION = 1;
				DEVELOPMENT_TEAM = P459Y32P65;
				GENERATE_INFOPLIST_FILE = YES;
				PRODUCT_BUNDLE_IDENTIFIER = io.unorderly.klang.uitests;
				PRODUCT_NAME = "$(TARGET_NAME)";
				SWIFT_EMIT_LOC_STRINGS = NO;
				SWIFT_VERSION = 5.0;
				TARGETED_DEVICE_FAMILY = "1,2";
			};
			name = Release;
		};
		B303394D2A30D34D00CEDD47 /* Debug */ = {
			isa = XCBuildConfiguration;
			buildSettings = {
				ASSETCATALOG_COMPILER_GLOBAL_ACCENT_COLOR_NAME = AccentColor;
				ASSETCATALOG_COMPILER_WIDGET_BACKGROUND_COLOR_NAME = WidgetBackground;
				CODE_SIGN_ENTITLEMENTS = Widget/Widget.entitlements;
				CODE_SIGN_STYLE = Automatic;
				CURRENT_PROJECT_VERSION = 1;
				DEVELOPMENT_TEAM = P459Y32P65;
				GENERATE_INFOPLIST_FILE = YES;
				INFOPLIST_FILE = Widget/Info.plist;
				INFOPLIST_KEY_CFBundleDisplayName = "Klang Widget";
				INFOPLIST_KEY_NSHumanReadableCopyright = "";
				LD_RUNPATH_SEARCH_PATHS = (
					"$(inherited)",
					"@executable_path/Frameworks",
					"@executable_path/../../Frameworks",
				);
				PRODUCT_BUNDLE_IDENTIFIER = io.unorderly.klang.widget;
				PRODUCT_NAME = "$(TARGET_NAME)";
				SKIP_INSTALL = YES;
				SWIFT_EMIT_LOC_STRINGS = YES;
				SWIFT_VERSION = 5.0;
				TARGETED_DEVICE_FAMILY = "1,2";
			};
			name = Debug;
		};
		B303394E2A30D34D00CEDD47 /* Release */ = {
			isa = XCBuildConfiguration;
			buildSettings = {
				ASSETCATALOG_COMPILER_GLOBAL_ACCENT_COLOR_NAME = AccentColor;
				ASSETCATALOG_COMPILER_WIDGET_BACKGROUND_COLOR_NAME = WidgetBackground;
				CODE_SIGN_ENTITLEMENTS = Widget/Widget.entitlements;
				CODE_SIGN_STYLE = Automatic;
				CURRENT_PROJECT_VERSION = 1;
				DEVELOPMENT_TEAM = P459Y32P65;
				GENERATE_INFOPLIST_FILE = YES;
				INFOPLIST_FILE = Widget/Info.plist;
				INFOPLIST_KEY_CFBundleDisplayName = "Klang Widget";
				INFOPLIST_KEY_NSHumanReadableCopyright = "";
				LD_RUNPATH_SEARCH_PATHS = (
					"$(inherited)",
					"@executable_path/Frameworks",
					"@executable_path/../../Frameworks",
				);
				PRODUCT_BUNDLE_IDENTIFIER = io.unorderly.klang.widget;
				PRODUCT_NAME = "$(TARGET_NAME)";
				SKIP_INSTALL = YES;
				SWIFT_EMIT_LOC_STRINGS = YES;
				SWIFT_VERSION = 5.0;
				TARGETED_DEVICE_FAMILY = "1,2";
			};
			name = Release;
		};
/* End XCBuildConfiguration section */

/* Begin XCConfigurationList section */
		B30338DE2A30D06300CEDD47 /* Build configuration list for PBXProject "Klang" */ = {
			isa = XCConfigurationList;
			buildConfigurations = (
				B30339092A30D06400CEDD47 /* Debug */,
				B303390A2A30D06400CEDD47 /* Release */,
			);
			defaultConfigurationIsVisible = 0;
			defaultConfigurationName = Release;
		};
		B303390B2A30D06400CEDD47 /* Build configuration list for PBXNativeTarget "App" */ = {
			isa = XCConfigurationList;
			buildConfigurations = (
				B303390C2A30D06400CEDD47 /* Debug */,
				B303390D2A30D06400CEDD47 /* Release */,
			);
			defaultConfigurationIsVisible = 0;
			defaultConfigurationName = Release;
		};
		B303390E2A30D06400CEDD47 /* Build configuration list for PBXNativeTarget "Tests" */ = {
			isa = XCConfigurationList;
			buildConfigurations = (
				B303390F2A30D06400CEDD47 /* Debug */,
				B30339102A30D06400CEDD47 /* Release */,
			);
			defaultConfigurationIsVisible = 0;
			defaultConfigurationName = Release;
		};
		B30339112A30D06400CEDD47 /* Build configuration list for PBXNativeTarget "UITests" */ = {
			isa = XCConfigurationList;
			buildConfigurations = (
				B30339122A30D06400CEDD47 /* Debug */,
				B30339132A30D06400CEDD47 /* Release */,
			);
			defaultConfigurationIsVisible = 0;
			defaultConfigurationName = Release;
		};
		B303394C2A30D34D00CEDD47 /* Build configuration list for PBXNativeTarget "Widget" */ = {
			isa = XCConfigurationList;
			buildConfigurations = (
				B303394D2A30D34D00CEDD47 /* Debug */,
				B303394E2A30D34D00CEDD47 /* Release */,
			);
			defaultConfigurationIsVisible = 0;
			defaultConfigurationName = Release;
		};
/* End XCConfigurationList section */

/* Begin XCRemoteSwiftPackageReference section */
		B30FD83E2A6E628100990160 /* XCRemoteSwiftPackageReference "MCEmojiPicker" */ = {
			isa = XCRemoteSwiftPackageReference;
			repositoryURL = "https://github.com/izyumkin/MCEmojiPicker";
			requirement = {
				kind = upToNextMajorVersion;
				minimumVersion = 1.2.1;
			};
		};
		B32BF3582A393596005BFA59 /* XCRemoteSwiftPackageReference "Defaults" */ = {
			isa = XCRemoteSwiftPackageReference;
			repositoryURL = "https://github.com/sindresorhus/Defaults";
			requirement = {
				branch = main;
				kind = branch;
			};
		};
		B3DD59D92A6B046400314F4E /* XCRemoteSwiftPackageReference "swiftui-reorderable-foreach" */ = {
			isa = XCRemoteSwiftPackageReference;
			repositoryURL = "https://github.com/globulus/swiftui-reorderable-foreach";
			requirement = {
				kind = upToNextMajorVersion;
				minimumVersion = 1.0.0;
			};
		};
/* End XCRemoteSwiftPackageReference section */

/* Begin XCSwiftPackageProductDependency section */
		B30FD83F2A6E628100990160 /* MCEmojiPicker */ = {
			isa = XCSwiftPackageProductDependency;
			package = B30FD83E2A6E628100990160 /* XCRemoteSwiftPackageReference "MCEmojiPicker" */;
			productName = MCEmojiPicker;
		};
		B32BF3592A393596005BFA59 /* Defaults */ = {
			isa = XCSwiftPackageProductDependency;
			package = B32BF3582A393596005BFA59 /* XCRemoteSwiftPackageReference "Defaults" */;
			productName = Defaults;
		};
		B32BF35B2A3935BA005BFA59 /* Defaults */ = {
			isa = XCSwiftPackageProductDependency;
			package = B32BF3582A393596005BFA59 /* XCRemoteSwiftPackageReference "Defaults" */;
			productName = Defaults;
		};
		B3DD59DA2A6B046400314F4E /* SwiftUIReorderableForEach */ = {
			isa = XCSwiftPackageProductDependency;
			package = B3DD59D92A6B046400314F4E /* XCRemoteSwiftPackageReference "swiftui-reorderable-foreach" */;
			productName = SwiftUIReorderableForEach;
		};
/* End XCSwiftPackageProductDependency section */
	};
	rootObject = B30338DB2A30D06300CEDD47 /* Project object */;
}
